// !$*UTF8*$!
{
	archiveVersion = 1;
	classes = {
	};
	objectVersion = 56;
	objects = {

/* Begin PBXBuildFile section */
		A45514E22C1FA3560099557F /* I_am_so_richApp.swift in Sources */ = {isa = PBXBuildFile; fileRef = A45514E12C1FA3560099557F /* I_am_so_richApp.swift */; };
		A45514E42C1FA3560099557F /* ContentView.swift in Sources */ = {isa = PBXBuildFile; fileRef = A45514E32C1FA3560099557F /* ContentView.swift */; };
		A45514E62C1FA3570099557F /* Assets.xcassets in Resources */ = {isa = PBXBuildFile; fileRef = A45514E52C1FA3570099557F /* Assets.xcassets */; };
		A45514E92C1FA3570099557F /* Preview Assets.xcassets in Resources */ = {isa = PBXBuildFile; fileRef = A45514E82C1FA3570099557F /* Preview Assets.xcassets */; };
		A45514F32C1FA3570099557F /* I_am_so_richTests.swift in Sources */ = {isa = PBXBuildFile; fileRef = A45514F22C1FA3570099557F /* I_am_so_richTests.swift */; };
		A45514FD2C1FA3570099557F /* I_am_so_richUITests.swift in Sources */ = {isa = PBXBuildFile; fileRef = A45514FC2C1FA3570099557F /* I_am_so_richUITests.swift */; };
		A45514FF2C1FA3570099557F /* I_am_so_richUITestsLaunchTests.swift in Sources */ = {isa = PBXBuildFile; fileRef = A45514FE2C1FA3570099557F /* I_am_so_richUITestsLaunchTests.swift */; };
/* End PBXBuildFile section */

/* Begin PBXContainerItemProxy section */
		A45514EF2C1FA3570099557F /* PBXContainerItemProxy */ = {
			isa = PBXContainerItemProxy;
			containerPortal = A45514D62C1FA3560099557F /* Project object */;
			proxyType = 1;
			remoteGlobalIDString = A45514DD2C1FA3560099557F;
			remoteInfo = "I am so rich";
		};
		A45514F92C1FA3570099557F /* PBXContainerItemProxy */ = {
			isa = PBXContainerItemProxy;
			containerPortal = A45514D62C1FA3560099557F /* Project object */;
			proxyType = 1;
			remoteGlobalIDString = A45514DD2C1FA3560099557F;
			remoteInfo = "I am so rich";
		};
/* End PBXContainerItemProxy section */

/* Begin PBXFileReference section */
		A45514DE2C1FA3560099557F /* I am so rich.app */ = {isa = PBXFileReference; explicitFileType = wrapper.application; includeInIndex = 0; path = "I am so rich.app"; sourceTree = BUILT_PRODUCTS_DIR; };
		A45514E12C1FA3560099557F /* I_am_so_richApp.swift */ = {isa = PBXFileReference; lastKnownFileType = sourcecode.swift; path = I_am_so_richApp.swift; sourceTree = "<group>"; };
		A45514E32C1FA3560099557F /* ContentView.swift */ = {isa = PBXFileReference; lastKnownFileType = sourcecode.swift; path = ContentView.swift; sourceTree = "<group>"; };
		A45514E52C1FA3570099557F /* Assets.xcassets */ = {isa = PBXFileReference; lastKnownFileType = folder.assetcatalog; path = Assets.xcassets; sourceTree = "<group>"; };
		A45514E82C1FA3570099557F /* Preview Assets.xcassets */ = {isa = PBXFileReference; lastKnownFileType = folder.assetcatalog; path = "Preview Assets.xcassets"; sourceTree = "<group>"; };
		A45514EE2C1FA3570099557F /* I am so richTests.xctest */ = {isa = PBXFileReference; explicitFileType = wrapper.cfbundle; includeInIndex = 0; path = "I am so richTests.xctest"; sourceTree = BUILT_PRODUCTS_DIR; };
		A45514F22C1FA3570099557F /* I_am_so_richTests.swift */ = {isa = PBXFileReference; lastKnownFileType = sourcecode.swift; path = I_am_so_richTests.swift; sourceTree = "<group>"; };
		A45514F82C1FA3570099557F /* I am so richUITests.xctest */ = {isa = PBXFileReference; explicitFileType = wrapper.cfbundle; includeInIndex = 0; path = "I am so richUITests.xctest"; sourceTree = BUILT_PRODUCTS_DIR; };
		A45514FC2C1FA3570099557F /* I_am_so_richUITests.swift */ = {isa = PBXFileReference; lastKnownFileType = sourcecode.swift; path = I_am_so_richUITests.swift; sourceTree = "<group>"; };
		A45514FE2C1FA3570099557F /* I_am_so_richUITestsLaunchTests.swift */ = {isa = PBXFileReference; lastKnownFileType = sourcecode.swift; path = I_am_so_richUITestsLaunchTests.swift; sourceTree = "<group>"; };
/* End PBXFileReference section */

/* Begin PBXFrameworksBuildPhase section */
		A45514DB2C1FA3560099557F /* Frameworks */ = {
			isa = PBXFrameworksBuildPhase;
			buildActionMask = 2147483647;
			files = (
			);
			runOnlyForDeploymentPostprocessing = 0;
		};
		A45514EB2C1FA3570099557F /* Frameworks */ = {
			isa = PBXFrameworksBuildPhase;
			buildActionMask = 2147483647;
			files = (
			);
			runOnlyForDeploymentPostprocessing = 0;
		};
		A45514F52C1FA3570099557F /* Frameworks */ = {
			isa = PBXFrameworksBuildPhase;
			buildActionMask = 2147483647;
			files = (
			);
			runOnlyForDeploymentPostprocessing = 0;
		};
/* End PBXFrameworksBuildPhase section */

/* Begin PBXGroup section */
		A45514D52C1FA3560099557F = {
			isa = PBXGroup;
			children = (
				A45514E02C1FA3560099557F /* I am so rich */,
				A45514F12C1FA3570099557F /* I am so richTests */,
				A45514FB2C1FA3570099557F /* I am so richUITests */,
				A45514DF2C1FA3560099557F /* Products */,
			);
			sourceTree = "<group>";
		};
		A45514DF2C1FA3560099557F /* Products */ = {
			isa = PBXGroup;
			children = (
				A45514DE2C1FA3560099557F /* I am so rich.app */,
				A45514EE2C1FA3570099557F /* I am so richTests.xctest */,
				A45514F82C1FA3570099557F /* I am so richUITests.xctest */,
			);
			name = Products;
			sourceTree = "<group>";
		};
		A45514E02C1FA3560099557F /* I am so rich */ = {
			isa = PBXGroup;
			children = (
				A45514E12C1FA3560099557F /* I_am_so_richApp.swift */,
				A45514E32C1FA3560099557F /* ContentView.swift */,
				A45514E52C1FA3570099557F /* Assets.xcassets */,
				A45514E72C1FA3570099557F /* Preview Content */,
			);
			path = "I am so rich";
			sourceTree = "<group>";
		};
		A45514E72C1FA3570099557F /* Preview Content */ = {
			isa = PBXGroup;
			children = (
				A45514E82C1FA3570099557F /* Preview Assets.xcassets */,
			);
			path = "Preview Content";
			sourceTree = "<group>";
		};
		A45514F12C1FA3570099557F /* I am so richTests */ = {
			isa = PBXGroup;
			children = (
				A45514F22C1FA3570099557F /* I_am_so_richTests.swift */,
			);
			path = "I am so richTests";
			sourceTree = "<group>";
		};
		A45514FB2C1FA3570099557F /* I am so richUITests */ = {
			isa = PBXGroup;
			children = (
				A45514FC2C1FA3570099557F /* I_am_so_richUITests.swift */,
				A45514FE2C1FA3570099557F /* I_am_so_richUITestsLaunchTests.swift */,
			);
			path = "I am so richUITests";
			sourceTree = "<group>";
		};
/* End PBXGroup section */

/* Begin PBXNativeTarget section */
		A45514DD2C1FA3560099557F /* I am so rich */ = {
			isa = PBXNativeTarget;
			buildConfigurationList = A45515022C1FA3570099557F /* Build configuration list for PBXNativeTarget "I am so rich" */;
			buildPhases = (
				A45514DA2C1FA3560099557F /* Sources */,
				A45514DB2C1FA3560099557F /* Frameworks */,
				A45514DC2C1FA3560099557F /* Resources */,
			);
			buildRules = (
			);
			dependencies = (
			);
			name = "I am so rich";
			productName = "I am so rich";
			productReference = A45514DE2C1FA3560099557F /* I am so rich.app */;
			productType = "com.apple.product-type.application";
		};
		A45514ED2C1FA3570099557F /* I am so richTests */ = {
			isa = PBXNativeTarget;
			buildConfigurationList = A45515052C1FA3570099557F /* Build configuration list for PBXNativeTarget "I am so richTests" */;
			buildPhases = (
				A45514EA2C1FA3570099557F /* Sources */,
				A45514EB2C1FA3570099557F /* Frameworks */,
				A45514EC2C1FA3570099557F /* Resources */,
			);
			buildRules = (
			);
			dependencies = (
				A45514F02C1FA3570099557F /* PBXTargetDependency */,
			);
			name = "I am so richTests";
			productName = "I am so richTests";
			productReference = A45514EE2C1FA3570099557F /* I am so richTests.xctest */;
			productType = "com.apple.product-type.bundle.unit-test";
		};
		A45514F72C1FA3570099557F /* I am so richUITests */ = {
			isa = PBXNativeTarget;
			buildConfigurationList = A45515082C1FA3570099557F /* Build configuration list for PBXNativeTarget "I am so richUITests" */;
			buildPhases = (
				A45514F42C1FA3570099557F /* Sources */,
				A45514F52C1FA3570099557F /* Frameworks */,
				A45514F62C1FA3570099557F /* Resources */,
			);
			buildRules = (
			);
			dependencies = (
				A45514FA2C1FA3570099557F /* PBXTargetDependency */,
			);
			name = "I am so richUITests";
			productName = "I am so richUITests";
			productReference = A45514F82C1FA3570099557F /* I am so richUITests.xctest */;
			productType = "com.apple.product-type.bundle.ui-testing";
		};
/* End PBXNativeTarget section */

/* Begin PBXProject section */
		A45514D62C1FA3560099557F /* Project object */ = {
			isa = PBXProject;
			attributes = {
				BuildIndependentTargetsInParallel = 1;
				LastSwiftUpdateCheck = 1540;
				LastUpgradeCheck = 1540;
				TargetAttributes = {
					A45514DD2C1FA3560099557F = {
						CreatedOnToolsVersion = 15.4;
					};
					A45514ED2C1FA3570099557F = {
						CreatedOnToolsVersion = 15.4;
						TestTargetID = A45514DD2C1FA3560099557F;
					};
					A45514F72C1FA3570099557F = {
						CreatedOnToolsVersion = 15.4;
						TestTargetID = A45514DD2C1FA3560099557F;
					};
				};
			};
			buildConfigurationList = A45514D92C1FA3560099557F /* Build configuration list for PBXProject "I am so rich" */;
			compatibilityVersion = "Xcode 14.0";
			developmentRegion = en;
			hasScannedForEncodings = 0;
			knownRegions = (
				en,
				Base,
			);
			mainGroup = A45514D52C1FA3560099557F;
			productRefGroup = A45514DF2C1FA3560099557F /* Products */;
			projectDirPath = "";
			projectRoot = "";
			targets = (
				A45514DD2C1FA3560099557F /* I am so rich */,
				A45514ED2C1FA3570099557F /* I am so richTests */,
				A45514F72C1FA3570099557F /* I am so richUITests */,
			);
		};
/* End PBXProject section */

/* Begin PBXResourcesBuildPhase section */
		A45514DC2C1FA3560099557F /* Resources */ = {
			isa = PBXResourcesBuildPhase;
			buildActionMask = 2147483647;
			files = (
				A45514E92C1FA3570099557F /* Preview Assets.xcassets in Resources */,
				A45514E62C1FA3570099557F /* Assets.xcassets in Resources */,
			);
			runOnlyForDeploymentPostprocessing = 0;
		};
		A45514EC2C1FA3570099557F /* Resources */ = {
			isa = PBXResourcesBuildPhase;
			buildActionMask = 2147483647;
			files = (
			);
			runOnlyForDeploymentPostprocessing = 0;
		};
		A45514F62C1FA3570099557F /* Resources */ = {
			isa = PBXResourcesBuildPhase;
			buildActionMask = 2147483647;
			files = (
			);
			runOnlyForDeploymentPostprocessing = 0;
		};
/* End PBXResourcesBuildPhase section */

/* Begin PBXSourcesBuildPhase section */
		A45514DA2C1FA3560099557F /* Sources */ = {
			isa = PBXSourcesBuildPhase;
			buildActionMask = 2147483647;
			files = (
				A45514E42C1FA3560099557F /* ContentView.swift in Sources */,
				A45514E22C1FA3560099557F /* I_am_so_richApp.swift in Sources */,
			);
			runOnlyForDeploymentPostprocessing = 0;
		};
		A45514EA2C1FA3570099557F /* Sources */ = {
			isa = PBXSourcesBuildPhase;
			buildActionMask = 2147483647;
			files = (
				A45514F32C1FA3570099557F /* I_am_so_richTests.swift in Sources */,
			);
			runOnlyForDeploymentPostprocessing = 0;
		};
		A45514F42C1FA3570099557F /* Sources */ = {
			isa = PBXSourcesBuildPhase;
			buildActionMask = 2147483647;
			files = (
				A45514FF2C1FA3570099557F /* I_am_so_richUITestsLaunchTests.swift in Sources */,
				A45514FD2C1FA3570099557F /* I_am_so_richUITests.swift in Sources */,
			);
			runOnlyForDeploymentPostprocessing = 0;
		};
/* End PBXSourcesBuildPhase section */

/* Begin PBXTargetDependency section */
		A45514F02C1FA3570099557F /* PBXTargetDependency */ = {
			isa = PBXTargetDependency;
			target = A45514DD2C1FA3560099557F /* I am so rich */;
			targetProxy = A45514EF2C1FA3570099557F /* PBXContainerItemProxy */;
		};
		A45514FA2C1FA3570099557F /* PBXTargetDependency */ = {
			isa = PBXTargetDependency;
			target = A45514DD2C1FA3560099557F /* I am so rich */;
			targetProxy = A45514F92C1FA3570099557F /* PBXContainerItemProxy */;
		};
/* End PBXTargetDependency section */

/* Begin XCBuildConfiguration section */
		A45515002C1FA3570099557F /* Debug */ = {
			isa = XCBuildConfiguration;
			buildSettings = {
				ALWAYS_SEARCH_USER_PATHS = NO;
				ASSETCATALOG_COMPILER_GENERATE_SWIFT_ASSET_SYMBOL_EXTENSIONS = YES;
				CLANG_ANALYZER_NONNULL = YES;
				CLANG_ANALYZER_NUMBER_OBJECT_CONVERSION = YES_AGGRESSIVE;
				CLANG_CXX_LANGUAGE_STANDARD = "gnu++20";
				CLANG_ENABLE_MODULES = YES;
				CLANG_ENABLE_OBJC_ARC = YES;
				CLANG_ENABLE_OBJC_WEAK = YES;
				CLANG_WARN_BLOCK_CAPTURE_AUTORELEASING = YES;
				CLANG_WARN_BOOL_CONVERSION = YES;
				CLANG_WARN_COMMA = YES;
				CLANG_WARN_CONSTANT_CONVERSION = YES;
				CLANG_WARN_DEPRECATED_OBJC_IMPLEMENTATIONS = YES;
				CLANG_WARN_DIRECT_OBJC_ISA_USAGE = YES_ERROR;
				CLANG_WARN_DOCUMENTATION_COMMENTS = YES;
				CLANG_WARN_EMPTY_BODY = YES;
				CLANG_WARN_ENUM_CONVERSION = YES;
				CLANG_WARN_INFINITE_RECURSION = YES;
				CLANG_WARN_INT_CONVERSION = YES;
				CLANG_WARN_NON_LITERAL_NULL_CONVERSION = YES;
				CLANG_WARN_OBJC_IMPLICIT_RETAIN_SELF = YES;
				CLANG_WARN_OBJC_LITERAL_CONVERSION = YES;
				CLANG_WARN_OBJC_ROOT_CLASS = YES_ERROR;
				CLANG_WARN_QUOTED_INCLUDE_IN_FRAMEWORK_HEADER = YES;
				CLANG_WARN_RANGE_LOOP_ANALYSIS = YES;
				CLANG_WARN_STRICT_PROTOTYPES = YES;
				CLANG_WARN_SUSPICIOUS_MOVE = YES;
				CLANG_WARN_UNGUARDED_AVAILABILITY = YES_AGGRESSIVE;
				CLANG_WARN_UNREACHABLE_CODE = YES;
				CLANG_WARN__DUPLICATE_METHOD_MATCH = YES;
				COPY_PHASE_STRIP = NO;
				DEBUG_INFORMATION_FORMAT = dwarf;
				ENABLE_STRICT_OBJC_MSGSEND = YES;
				ENABLE_TESTABILITY = YES;
				ENABLE_USER_SCRIPT_SANDBOXING = YES;
				GCC_C_LANGUAGE_STANDARD = gnu17;
				GCC_DYNAMIC_NO_PIC = NO;
				GCC_NO_COMMON_BLOCKS = YES;
				GCC_OPTIMIZATION_LEVEL = 0;
				GCC_PREPROCESSOR_DEFINITIONS = (
					"DEBUG=1",
					"$(inherited)",
				);
				GCC_WARN_64_TO_32_BIT_CONVERSION = YES;
				GCC_WARN_ABOUT_RETURN_TYPE = YES_ERROR;
				GCC_WARN_UNDECLARED_SELECTOR = YES;
				GCC_WARN_UNINITIALIZED_AUTOS = YES_AGGRESSIVE;
				GCC_WARN_UNUSED_FUNCTION = YES;
				GCC_WARN_UNUSED_VARIABLE = YES;
				IPHONEOS_DEPLOYMENT_TARGET = 17.5;
				LOCALIZATION_PREFERS_STRING_CATALOGS = YES;
				MTL_ENABLE_DEBUG_INFO = INCLUDE_SOURCE;
				MTL_FAST_MATH = YES;
				ONLY_ACTIVE_ARCH = YES;
				SDKROOT = iphoneos;
				SWIFT_ACTIVE_COMPILATION_CONDITIONS = "DEBUG $(inherited)";
				SWIFT_OPTIMIZATION_LEVEL = "-Onone";
			};
			name = Debug;
		};
		A45515012C1FA3570099557F /* Release */ = {
			isa = XCBuildConfiguration;
			buildSettings = {
				ALWAYS_SEARCH_USER_PATHS = NO;
				ASSETCATALOG_COMPILER_GENERATE_SWIFT_ASSET_SYMBOL_EXTENSIONS = YES;
				CLANG_ANALYZER_NONNULL = YES;
				CLANG_ANALYZER_NUMBER_OBJECT_CONVERSION = YES_AGGRESSIVE;
				CLANG_CXX_LANGUAGE_STANDARD = "gnu++20";
				CLANG_ENABLE_MODULES = YES;
				CLANG_ENABLE_OBJC_ARC = YES;
				CLANG_ENABLE_OBJC_WEAK = YES;
				CLANG_WARN_BLOCK_CAPTURE_AUTORELEASING = YES;
				CLANG_WARN_BOOL_CONVERSION = YES;
				CLANG_WARN_COMMA = YES;
				CLANG_WARN_CONSTANT_CONVERSION = YES;
				CLANG_WARN_DEPRECATED_OBJC_IMPLEMENTATIONS = YES;
				CLANG_WARN_DIRECT_OBJC_ISA_USAGE = YES_ERROR;
				CLANG_WARN_DOCUMENTATION_COMMENTS = YES;
				CLANG_WARN_EMPTY_BODY = YES;
				CLANG_WARN_ENUM_CONVERSION = YES;
				CLANG_WARN_INFINITE_RECURSION = YES;
				CLANG_WARN_INT_CONVERSION = YES;
				CLANG_WARN_NON_LITERAL_NULL_CONVERSION = YES;
				CLANG_WARN_OBJC_IMPLICIT_RETAIN_SELF = YES;
				CLANG_WARN_OBJC_LITERAL_CONVERSION = YES;
				CLANG_WARN_OBJC_ROOT_CLASS = YES_ERROR;
				CLANG_WARN_QUOTED_INCLUDE_IN_FRAMEWORK_HEADER = YES;
				CLANG_WARN_RANGE_LOOP_ANALYSIS = YES;
				CLANG_WARN_STRICT_PROTOTYPES = YES;
				CLANG_WARN_SUSPICIOUS_MOVE = YES;
				CLANG_WARN_UNGUARDED_AVAILABILITY = YES_AGGRESSIVE;
				CLANG_WARN_UNREACHABLE_CODE = YES;
				CLANG_WARN__DUPLICATE_METHOD_MATCH = YES;
				COPY_PHASE_STRIP = NO;
				DEBUG_INFORMATION_FORMAT = "dwarf-with-dsym";
				ENABLE_NS_ASSERTIONS = NO;
				ENABLE_STRICT_OBJC_MSGSEND = YES;
				ENABLE_USER_SCRIPT_SANDBOXING = YES;
				GCC_C_LANGUAGE_STANDARD = gnu17;
				GCC_NO_COMMON_BLOCKS = YES;
				GCC_WARN_64_TO_32_BIT_CONVERSION = YES;
				GCC_WARN_ABOUT_RETURN_TYPE = YES_ERROR;
				GCC_WARN_UNDECLARED_SELECTOR = YES;
				GCC_WARN_UNINITIALIZED_AUTOS = YES_AGGRESSIVE;
				GCC_WARN_UNUSED_FUNCTION = YES;
				GCC_WARN_UNUSED_VARIABLE = YES;
				IPHONEOS_DEPLOYMENT_TARGET = 17.5;
				LOCALIZATION_PREFERS_STRING_CATALOGS = YES;
				MTL_ENABLE_DEBUG_INFO = NO;
				MTL_FAST_MATH = YES;
				SDKROOT = iphoneos;
				SWIFT_COMPILATION_MODE = wholemodule;
				VALIDATE_PRODUCT = YES;
			};
			name = Release;
		};
		A45515032C1FA3570099557F /* Debug */ = {
			isa = XCBuildConfiguration;
			buildSettings = {
				ASSETCATALOG_COMPILER_APPICON_NAME = AppIcon;
				ASSETCATALOG_COMPILER_GLOBAL_ACCENT_COLOR_NAME = AccentColor;
				CODE_SIGN_STYLE = Automatic;
				CURRENT_PROJECT_VERSION = 1;
				DEVELOPMENT_ASSET_PATHS = "\"I am so rich/Preview Content\"";
				DEVELOPMENT_TEAM = VGYLH6NVUU;
				ENABLE_PREVIEWS = YES;
				GENERATE_INFOPLIST_FILE = YES;
				INFOPLIST_KEY_UIApplicationSceneManifest_Generation = YES;
				INFOPLIST_KEY_UIApplicationSupportsIndirectInputEvents = YES;
				INFOPLIST_KEY_UILaunchScreen_Generation = YES;
				INFOPLIST_KEY_UISupportedInterfaceOrientations_iPad = "UIInterfaceOrientationPortrait UIInterfaceOrientationPortraitUpsideDown UIInterfaceOrientationLandscapeLeft UIInterfaceOrientationLandscapeRight";
				INFOPLIST_KEY_UISupportedInterfaceOrientations_iPhone = "UIInterfaceOrientationPortrait UIInterfaceOrientationLandscapeLeft UIInterfaceOrientationLandscapeRight";
				LD_RUNPATH_SEARCH_PATHS = (
					"$(inherited)",
					"@executable_path/Frameworks",
				);
				MARKETING_VERSION = 1.0;
				PRODUCT_BUNDLE_IDENTIFIER = "com.harry.I-am-so-rich";
				PRODUCT_NAME = "$(TARGET_NAME)";
				SWIFT_EMIT_LOC_STRINGS = YES;
				SWIFT_VERSION = 5.0;
				TARGETED_DEVICE_FAMILY = "1,2";
			};
			name = Debug;
		};
		A45515042C1FA3570099557F /* Release */ = {
			isa = XCBuildConfiguration;
			buildSettings = {
				ASSETCATALOG_COMPILER_APPICON_NAME = AppIcon;
				ASSETCATALOG_COMPILER_GLOBAL_ACCENT_COLOR_NAME = AccentColor;
				CODE_SIGN_STYLE = Automatic;
				CURRENT_PROJECT_VERSION = 1;
				DEVELOPMENT_ASSET_PATHS = "\"I am so rich/Preview Content\"";
				DEVELOPMENT_TEAM = VGYLH6NVUU;
				ENABLE_PREVIEWS = YES;
				GENERATE_INFOPLIST_FILE = YES;
				INFOPLIST_KEY_UIApplicationSceneManifest_Generation = YES;
				INFOPLIST_KEY_UIApplicationSupportsIndirectInputEvents = YES;
				INFOPLIST_KEY_UILaunchScreen_Generation = YES;
				INFOPLIST_KEY_UISupportedInterfaceOrientations_iPad = "UIInterfaceOrientationPortrait UIInterfaceOrientationPortraitUpsideDown UIInterfaceOrientationLandscapeLeft UIInterfaceOrientationLandscapeRight";
				INFOPLIST_KEY_UISupportedInterfaceOrientations_iPhone = "UIInterfaceOrientationPortrait UIInterfaceOrientationLandscapeLeft UIInterfaceOrientationLandscapeRight";
				LD_RUNPATH_SEARCH_PATHS = (
					"$(inherited)",
					"@executable_path/Frameworks",
				);
				MARKETING_VERSION = 1.0;
				PRODUCT_BUNDLE_IDENTIFIER = "com.harry.I-am-so-rich";
				PRODUCT_NAME = "$(TARGET_NAME)";
				SWIFT_EMIT_LOC_STRINGS = YES;
				SWIFT_VERSION = 5.0;
				TARGETED_DEVICE_FAMILY = "1,2";
			};
			name = Release;
		};
		A45515062C1FA3570099557F /* Debug */ = {
			isa = XCBuildConfiguration;
			buildSettings = {
				ALWAYS_EMBED_SWIFT_STANDARD_LIBRARIES = YES;
				BUNDLE_LOADER = "$(TEST_HOST)";
				CODE_SIGN_STYLE = Automatic;
				CURRENT_PROJECT_VERSION = 1;
				DEVELOPMENT_TEAM = VGYLH6NVUU;
				GENERATE_INFOPLIST_FILE = YES;
				IPHONEOS_DEPLOYMENT_TARGET = 17.5;
				MARKETING_VERSION = 1.0;
				PRODUCT_BUNDLE_IDENTIFIER = "com.harry.I-am-so-richTests";
				PRODUCT_NAME = "$(TARGET_NAME)";
				SWIFT_EMIT_LOC_STRINGS = NO;
				SWIFT_VERSION = 5.0;
				TARGETED_DEVICE_FAMILY = "1,2";
				TEST_HOST = "$(BUILT_PRODUCTS_DIR)/I am so rich.app/$(BUNDLE_EXECUTABLE_FOLDER_PATH)/I am so rich";
			};
			name = Debug;
		};
		A45515072C1FA3570099557F /* Release */ = {
			isa = XCBuildConfiguration;
			buildSettings = {
				ALWAYS_EMBED_SWIFT_STANDARD_LIBRARIES = YES;
				BUNDLE_LOADER = "$(TEST_HOST)";
				CODE_SIGN_STYLE = Automatic;
				CURRENT_PROJECT_VERSION = 1;
				DEVELOPMENT_TEAM = VGYLH6NVUU;
				GENERATE_INFOPLIST_FILE = YES;
				IPHONEOS_DEPLOYMENT_TARGET = 17.5;
				MARKETING_VERSION = 1.0;
				PRODUCT_BUNDLE_IDENTIFIER = "com.harry.I-am-so-richTests";
				PRODUCT_NAME = "$(TARGET_NAME)";
				SWIFT_EMIT_LOC_STRINGS = NO;
				SWIFT_VERSION = 5.0;
				TARGETED_DEVICE_FAMILY = "1,2";
				TEST_HOST = "$(BUILT_PRODUCTS_DIR)/I am so rich.app/$(BUNDLE_EXECUTABLE_FOLDER_PATH)/I am so rich";
			};
			name = Release;
		};
		A45515092C1FA3570099557F /* Debug */ = {
			isa = XCBuildConfiguration;
			buildSettings = {
				ALWAYS_EMBED_SWIFT_STANDARD_LIBRARIES = YES;
				CODE_SIGN_STYLE = Automatic;
				CURRENT_PROJECT_VERSION = 1;
				DEVELOPMENT_TEAM = VGYLH6NVUU;
				GENERATE_INFOPLIST_FILE = YES;
				MARKETING_VERSION = 1.0;
				PRODUCT_BUNDLE_IDENTIFIER = "com.harry.I-am-so-richUITests";
				PRODUCT_NAME = "$(TARGET_NAME)";
				SWIFT_EMIT_LOC_STRINGS = NO;
				SWIFT_VERSION = 5.0;
				TARGETED_DEVICE_FAMILY = "1,2";
				TEST_TARGET_NAME = "I am so rich";
			};
			name = Debug;
		};
		A455150A2C1FA3570099557F /* Release */ = {
			isa = XCBuildConfiguration;
			buildSettings = {
				ALWAYS_EMBED_SWIFT_STANDARD_LIBRARIES = YES;
				CODE_SIGN_STYLE = Automatic;
				CURRENT_PROJECT_VERSION = 1;
				DEVELOPMENT_TEAM = VGYLH6NVUU;
				GENERATE_INFOPLIST_FILE = YES;
				MARKETING_VERSION = 1.0;
				PRODUCT_BUNDLE_IDENTIFIER = "com.harry.I-am-so-richUITests";
				PRODUCT_NAME = "$(TARGET_NAME)";
				SWIFT_EMIT_LOC_STRINGS = NO;
				SWIFT_VERSION = 5.0;
				TARGETED_DEVICE_FAMILY = "1,2";
				TEST_TARGET_NAME = "I am so rich";
			};
			name = Release;
		};
/* End XCBuildConfiguration section */

/* Begin XCConfigurationList section */
		A45514D92C1FA3560099557F /* Build configuration list for PBXProject "I am so rich" */ = {
			isa = XCConfigurationList;
			buildConfigurations = (
				A45515002C1FA3570099557F /* Debug */,
				A45515012C1FA3570099557F /* Release */,
			);
			defaultConfigurationIsVisible = 0;
			defaultConfigurationName = Release;
		};
		A45515022C1FA3570099557F /* Build configuration list for PBXNativeTarget "I am so rich" */ = {
			isa = XCConfigurationList;
			buildConfigurations = (
				A45515032C1FA3570099557F /* Debug */,
				A45515042C1FA3570099557F /* Release */,
			);
			defaultConfigurationIsVisible = 0;
			defaultConfigurationName = Release;
		};
		A45515052C1FA3570099557F /* Build configuration list for PBXNativeTarget "I am so richTests" */ = {
			isa = XCConfigurationList;
			buildConfigurations = (
				A45515062C1FA3570099557F /* Debug */,
				A45515072C1FA3570099557F /* Release */,
			);
			defaultConfigurationIsVisible = 0;
			defaultConfigurationName = Release;
		};
		A45515082C1FA3570099557F /* Build configuration list for PBXNativeTarget "I am so richUITests" */ = {
			isa = XCConfigurationList;
			buildConfigurations = (
				A45515092C1FA3570099557F /* Debug */,
				A455150A2C1FA3570099557F /* Release */,
			);
			defaultConfigurationIsVisible = 0;
			defaultConfigurationName = Release;
		};
/* End XCConfigurationList section */
	};
	rootObject = A45514D62C1FA3560099557F /* Project object */;
}
