// !$*UTF8*$!
{
	archiveVersion = 1;
	classes = {
	};
	objectVersion = 56;
	objects = {

/* Begin PBXBuildFile section */
		A4582AEA2C22A4C50022D524 /* main.m in Sources */ = {isa = PBXBuildFile; fileRef = A4582AE92C22A4C50022D524 /* main.m */; };
		A4582AF12C22A5200022D524 /* Class.m in Sources */ = {isa = PBXBuildFile; fileRef = A4582AF02C22A5200022D524 /* Class.m */; };
		A4582AF62C238F750022D524 /* Method.m in Sources */ = {isa = PBXBuildFile; fileRef = A4582AF52C238F750022D524 /* Method.m */; };
		A4582AF92C2393C80022D524 /* Encapsulate.m in Sources */ = {isa = PBXBuildFile; fileRef = A4582AF82C2393C80022D524 /* Encapsulate.m */; };
		A4582AFC2C2396AA0022D524 /* ClassMethod.m in Sources */ = {isa = PBXBuildFile; fileRef = A4582AFB2C2396AA0022D524 /* ClassMethod.m */; };
/* End PBXBuildFile section */

/* Begin PBXCopyFilesBuildPhase section */
		A4582AE42C22A4C50022D524 /* CopyFiles */ = {
			isa = PBXCopyFilesBuildPhase;
			buildActionMask = 2147483647;
			dstPath = /usr/share/man/man1/;
			dstSubfolderSpec = 0;
			files = (
			);
			runOnlyForDeploymentPostprocessing = 1;
		};
/* End PBXCopyFilesBuildPhase section */

/* Begin PBXFileReference section */
		A4582AE62C22A4C50022D524 /* ObjectiveC Study */ = {isa = PBXFileReference; explicitFileType = "compiled.mach-o.executable"; includeInIndex = 0; path = "ObjectiveC Study"; sourceTree = BUILT_PRODUCTS_DIR; };
		A4582AE92C22A4C50022D524 /* main.m */ = {isa = PBXFileReference; lastKnownFileType = sourcecode.c.objc; path = main.m; sourceTree = "<group>"; };
		A4582AF02C22A5200022D524 /* Class.m */ = {isa = PBXFileReference; lastKnownFileType = sourcecode.c.objc; path = Class.m; sourceTree = "<group>"; };
		A4582AF32C22A5370022D524 /* Class.h */ = {isa = PBXFileReference; lastKnownFileType = sourcecode.c.h; path = Class.h; sourceTree = "<group>"; };
		A4582AF52C238F750022D524 /* Method.m */ = {isa = PBXFileReference; lastKnownFileType = sourcecode.c.objc; path = Method.m; sourceTree = "<group>"; };
		A4582AF72C2391630022D524 /* Method.h */ = {isa = PBXFileReference; lastKnownFileType = sourcecode.c.h; path = Method.h; sourceTree = "<group>"; };
		A4582AF82C2393C80022D524 /* Encapsulate.m */ = {isa = PBXFileReference; lastKnownFileType = sourcecode.c.objc; path = Encapsulate.m; sourceTree = "<group>"; };
		A4582AFA2C2393D20022D524 /* Encapsulate.h */ = {isa = PBXFileReference; lastKnownFileType = sourcecode.c.h; path = Encapsulate.h; sourceTree = "<group>"; };
		A4582AFB2C2396AA0022D524 /* ClassMethod.m */ = {isa = PBXFileReference; lastKnownFileType = sourcecode.c.objc; path = ClassMethod.m; sourceTree = "<group>"; };
		A4582AFD2C2396B50022D524 /* ClassMethod.h */ = {isa = PBXFileReference; lastKnownFileType = sourcecode.c.h; path = ClassMethod.h; sourceTree = "<group>"; };
/* End PBXFileReference section */

/* Begin PBXFrameworksBuildPhase section */
		A4582AE32C22A4C50022D524 /* Frameworks */ = {
			isa = PBXFrameworksBuildPhase;
			buildActionMask = 2147483647;
			files = (
			);
			runOnlyForDeploymentPostprocessing = 0;
		};
/* End PBXFrameworksBuildPhase section */

/* Begin PBXGroup section */
		A4582ADD2C22A4C50022D524 = {
			isa = PBXGroup;
			children = (
				A4582AE82C22A4C50022D524 /* ObjectiveC Study */,
				A4582AE72C22A4C50022D524 /* Products */,
			);
			sourceTree = "<group>";
		};
		A4582AE72C22A4C50022D524 /* Products */ = {
			isa = PBXGroup;
			children = (
				A4582AE62C22A4C50022D524 /* ObjectiveC Study */,
			);
			name = Products;
			sourceTree = "<group>";
		};
		A4582AE82C22A4C50022D524 /* ObjectiveC Study */ = {
			isa = PBXGroup;
			children = (
				A4582AF22C22A5270022D524 /* Class */,
				A4582AE92C22A4C50022D524 /* main.m */,
			);
			path = "ObjectiveC Study";
			sourceTree = "<group>";
		};
		A4582AF22C22A5270022D524 /* Class */ = {
			isa = PBXGroup;
			children = (
				A4582AF02C22A5200022D524 /* Class.m */,
				A4582AF32C22A5370022D524 /* Class.h */,
				A4582AF52C238F750022D524 /* Method.m */,
				A4582AF72C2391630022D524 /* Method.h */,
				A4582AF82C2393C80022D524 /* Encapsulate.m */,
				A4582AFA2C2393D20022D524 /* Encapsulate.h */,
				A4582AFB2C2396AA0022D524 /* ClassMethod.m */,
				A4582AFD2C2396B50022D524 /* ClassMethod.h */,
			);
			path = Class;
			sourceTree = "<group>";
		};
/* End PBXGroup section */

/* Begin PBXNativeTarget section */
		A4582AE52C22A4C50022D524 /* ObjectiveC Study */ = {
			isa = PBXNativeTarget;
			buildConfigurationList = A4582AED2C22A4C50022D524 /* Build configuration list for PBXNativeTarget "ObjectiveC Study" */;
			buildPhases = (
				A4582AE22C22A4C50022D524 /* Sources */,
				A4582AE32C22A4C50022D524 /* Frameworks */,
				A4582AE42C22A4C50022D524 /* CopyFiles */,
			);
			buildRules = (
			);
			dependencies = (
			);
			name = "ObjectiveC Study";
			productName = "ObjectiveC Study";
			productReference = A4582AE62C22A4C50022D524 /* ObjectiveC Study */;
			productType = "com.apple.product-type.tool";
		};
/* End PBXNativeTarget section */

/* Begin PBXProject section */
		A4582ADE2C22A4C50022D524 /* Project object */ = {
			isa = PBXProject;
			attributes = {
				BuildIndependentTargetsInParallel = 1;
				LastUpgradeCheck = 1540;
				TargetAttributes = {
					A4582AE52C22A4C50022D524 = {
						CreatedOnToolsVersion = 15.4;
					};
				};
			};
			buildConfigurationList = A4582AE12C22A4C50022D524 /* Build configuration list for PBXProject "ObjectiveC Study" */;
			compatibilityVersion = "Xcode 14.0";
			developmentRegion = en;
			hasScannedForEncodings = 0;
			knownRegions = (
				en,
				Base,
			);
			mainGroup = A4582ADD2C22A4C50022D524;
			productRefGroup = A4582AE72C22A4C50022D524 /* Products */;
			projectDirPath = "";
			projectRoot = "";
			targets = (
				A4582AE52C22A4C50022D524 /* ObjectiveC Study */,
			);
		};
/* End PBXProject section */

/* Begin PBXSourcesBuildPhase section */
		A4582AE22C22A4C50022D524 /* Sources */ = {
			isa = PBXSourcesBuildPhase;
			buildActionMask = 2147483647;
			files = (
				A4582AF12C22A5200022D524 /* Class.m in Sources */,
				A4582AF92C2393C80022D524 /* Encapsulate.m in Sources */,
				A4582AF62C238F750022D524 /* Method.m in Sources */,
				A4582AFC2C2396AA0022D524 /* ClassMethod.m in Sources */,
				A4582AEA2C22A4C50022D524 /* main.m in Sources */,
			);
			runOnlyForDeploymentPostprocessing = 0;
		};
/* End PBXSourcesBuildPhase section */

/* Begin XCBuildConfiguration section */
		A4582AEB2C22A4C50022D524 /* Debug */ = {
			isa = XCBuildConfiguration;
			buildSettings = {
				ALWAYS_SEARCH_USER_PATHS = NO;
				ASSETCATALOG_COMPILER_GENERATE_SWIFT_ASSET_SYMBOL_EXTENSIONS = YES;
				CLANG_ANALYZER_NONNULL = YES;
				CLANG_ANALYZER_NUMBER_OBJECT_CONVERSION = YES_AGGRESSIVE;
				CLANG_CXX_LANGUAGE_STANDARD = "gnu++20";
				CLANG_ENABLE_MODULES = YES;
				CLANG_ENABLE_OBJC_ARC = YES;
				CLANG_ENABLE_OBJC_WEAK = YES;
				CLANG_WARN_BLOCK_CAPTURE_AUTORELEASING = YES;
				CLANG_WARN_BOOL_CONVERSION = YES;
				CLANG_WARN_COMMA = YES;
				CLANG_WARN_CONSTANT_CONVERSION = YES;
				CLANG_WARN_DEPRECATED_OBJC_IMPLEMENTATIONS = YES;
				CLANG_WARN_DIRECT_OBJC_ISA_USAGE = YES_ERROR;
				CLANG_WARN_DOCUMENTATION_COMMENTS = YES;
				CLANG_WARN_EMPTY_BODY = YES;
				CLANG_WARN_ENUM_CONVERSION = YES;
				CLANG_WARN_INFINITE_RECURSION = YES;
				CLANG_WARN_INT_CONVERSION = YES;
				CLANG_WARN_NON_LITERAL_NULL_CONVERSION = YES;
				CLANG_WARN_OBJC_IMPLICIT_RETAIN_SELF = YES;
				CLANG_WARN_OBJC_LITERAL_CONVERSION = YES;
				CLANG_WARN_OBJC_ROOT_CLASS = YES_ERROR;
				CLANG_WARN_QUOTED_INCLUDE_IN_FRAMEWORK_HEADER = YES;
				CLANG_WARN_RANGE_LOOP_ANALYSIS = YES;
				CLANG_WARN_STRICT_PROTOTYPES = YES;
				CLANG_WARN_SUSPICIOUS_MOVE = YES;
				CLANG_WARN_UNGUARDED_AVAILABILITY = YES_AGGRESSIVE;
				CLANG_WARN_UNREACHABLE_CODE = YES;
				CLANG_WARN__DUPLICATE_METHOD_MATCH = YES;
				COPY_PHASE_STRIP = NO;
				DEBUG_INFORMATION_FORMAT = dwarf;
				ENABLE_STRICT_OBJC_MSGSEND = YES;
				ENABLE_TESTABILITY = YES;
				ENABLE_USER_SCRIPT_SANDBOXING = YES;
				GCC_C_LANGUAGE_STANDARD = gnu17;
				GCC_DYNAMIC_NO_PIC = NO;
				GCC_NO_COMMON_BLOCKS = YES;
				GCC_OPTIMIZATION_LEVEL = 0;
				GCC_PREPROCESSOR_DEFINITIONS = (
					"DEBUG=1",
					"$(inherited)",
				);
				GCC_WARN_64_TO_32_BIT_CONVERSION = YES;
				GCC_WARN_ABOUT_RETURN_TYPE = YES_ERROR;
				GCC_WARN_UNDECLARED_SELECTOR = YES;
				GCC_WARN_UNINITIALIZED_AUTOS = YES_AGGRESSIVE;
				GCC_WARN_UNUSED_FUNCTION = YES;
				GCC_WARN_UNUSED_VARIABLE = YES;
				LOCALIZATION_PREFERS_STRING_CATALOGS = YES;
				MACOSX_DEPLOYMENT_TARGET = 14.5;
				MTL_ENABLE_DEBUG_INFO = INCLUDE_SOURCE;
				MTL_FAST_MATH = YES;
				ONLY_ACTIVE_ARCH = YES;
				SDKROOT = macosx;
			};
			name = Debug;
		};
		A4582AEC2C22A4C50022D524 /* Release */ = {
			isa = XCBuildConfiguration;
			buildSettings = {
				ALWAYS_SEARCH_USER_PATHS = NO;
				ASSETCATALOG_COMPILER_GENERATE_SWIFT_ASSET_SYMBOL_EXTENSIONS = YES;
				CLANG_ANALYZER_NONNULL = YES;
				CLANG_ANALYZER_NUMBER_OBJECT_CONVERSION = YES_AGGRESSIVE;
				CLANG_CXX_LANGUAGE_STANDARD = "gnu++20";
				CLANG_ENABLE_MODULES = YES;
				CLANG_ENABLE_OBJC_ARC = YES;
				CLANG_ENABLE_OBJC_WEAK = YES;
				CLANG_WARN_BLOCK_CAPTURE_AUTORELEASING = YES;
				CLANG_WARN_BOOL_CONVERSION = YES;
				CLANG_WARN_COMMA = YES;
				CLANG_WARN_CONSTANT_CONVERSION = YES;
				CLANG_WARN_DEPRECATED_OBJC_IMPLEMENTATIONS = YES;
				CLANG_WARN_DIRECT_OBJC_ISA_USAGE = YES_ERROR;
				CLANG_WARN_DOCUMENTATION_COMMENTS = YES;
				CLANG_WARN_EMPTY_BODY = YES;
				CLANG_WARN_ENUM_CONVERSION = YES;
				CLANG_WARN_INFINITE_RECURSION = YES;
				CLANG_WARN_INT_CONVERSION = YES;
				CLANG_WARN_NON_LITERAL_NULL_CONVERSION = YES;
				CLANG_WARN_OBJC_IMPLICIT_RETAIN_SELF = YES;
				CLANG_WARN_OBJC_LITERAL_CONVERSION = YES;
				CLANG_WARN_OBJC_ROOT_CLASS = YES_ERROR;
				CLANG_WARN_QUOTED_INCLUDE_IN_FRAMEWORK_HEADER = YES;
				CLANG_WARN_RANGE_LOOP_ANALYSIS = YES;
				CLANG_WARN_STRICT_PROTOTYPES = YES;
				CLANG_WARN_SUSPICIOUS_MOVE = YES;
				CLANG_WARN_UNGUARDED_AVAILABILITY = YES_AGGRESSIVE;
				CLANG_WARN_UNREACHABLE_CODE = YES;
				CLANG_WARN__DUPLICATE_METHOD_MATCH = YES;
				COPY_PHASE_STRIP = NO;
				DEBUG_INFORMATION_FORMAT = "dwarf-with-dsym";
				ENABLE_NS_ASSERTIONS = NO;
				ENABLE_STRICT_OBJC_MSGSEND = YES;
				ENABLE_USER_SCRIPT_SANDBOXING = YES;
				GCC_C_LANGUAGE_STANDARD = gnu17;
				GCC_NO_COMMON_BLOCKS = YES;
				GCC_WARN_64_TO_32_BIT_CONVERSION = YES;
				GCC_WARN_ABOUT_RETURN_TYPE = YES_ERROR;
				GCC_WARN_UNDECLARED_SELECTOR = YES;
				GCC_WARN_UNINITIALIZED_AUTOS = YES_AGGRESSIVE;
				GCC_WARN_UNUSED_FUNCTION = YES;
				GCC_WARN_UNUSED_VARIABLE = YES;
				LOCALIZATION_PREFERS_STRING_CATALOGS = YES;
				MACOSX_DEPLOYMENT_TARGET = 14.5;
				MTL_ENABLE_DEBUG_INFO = NO;
				MTL_FAST_MATH = YES;
				SDKROOT = macosx;
			};
			name = Release;
		};
		A4582AEE2C22A4C50022D524 /* Debug */ = {
			isa = XCBuildConfiguration;
			buildSettings = {
				CODE_SIGN_STYLE = Automatic;
				DEVELOPMENT_TEAM = VGYLH6NVUU;
				ENABLE_HARDENED_RUNTIME = YES;
				PRODUCT_NAME = "$(TARGET_NAME)";
			};
			name = Debug;
		};
		A4582AEF2C22A4C50022D524 /* Release */ = {
			isa = XCBuildConfiguration;
			buildSettings = {
				CODE_SIGN_STYLE = Automatic;
				DEVELOPMENT_TEAM = VGYLH6NVUU;
				ENABLE_HARDENED_RUNTIME = YES;
				PRODUCT_NAME = "$(TARGET_NAME)";
			};
			name = Release;
		};
/* End XCBuildConfiguration section */

/* Begin XCConfigurationList section */
		A4582AE12C22A4C50022D524 /* Build configuration list for PBXProject "ObjectiveC Study" */ = {
			isa = XCConfigurationList;
			buildConfigurations = (
				A4582AEB2C22A4C50022D524 /* Debug */,
				A4582AEC2C22A4C50022D524 /* Release */,
			);
			defaultConfigurationIsVisible = 0;
			defaultConfigurationName = Release;
		};
		A4582AED2C22A4C50022D524 /* Build configuration list for PBXNativeTarget "ObjectiveC Study" */ = {
			isa = XCConfigurationList;
			buildConfigurations = (
				A4582AEE2C22A4C50022D524 /* Debug */,
				A4582AEF2C22A4C50022D524 /* Release */,
			);
			defaultConfigurationIsVisible = 0;
			defaultConfigurationName = Release;
		};
/* End XCConfigurationList section */
	};
	rootObject = A4582ADE2C22A4C50022D524 /* Project object */;
}
