// !$*UTF8*$!
{
	archiveVersion = 1;
	classes = {
	};
	objectVersion = 56;
	objects = {

/* Begin PBXBuildFile section */
		17831ED7F7C64DA244BA3007 /* Pods_AppDemo.framework in Frameworks */ = {isa = PBXBuildFile; fileRef = 06098CE6C70C5AC54E5BE7BA /* Pods_AppDemo.framework */; };
		2B3C75CC2C3CAC4900C4C969 /* Location.m in Sources */ = {isa = PBXBuildFile; fileRef = 2B3C75CB2C3CAC4900C4C969 /* Location.m */; };
		2B6A2BDB2C3F5E6D005EEE85 /* Person.m in Sources */ = {isa = PBXBuildFile; fileRef = 2B6A2BDA2C3F5E6D005EEE85 /* Person.m */; };
		2B6A2BE12C3F5EB8005EEE85 /* PersonViewModel.m in Sources */ = {isa = PBXBuildFile; fileRef = 2B6A2BE02C3F5EB8005EEE85 /* PersonViewModel.m */; };
		2B6A2BE42C3F5EFC005EEE85 /* PersonView.m in Sources */ = {isa = PBXBuildFile; fileRef = 2B6A2BE32C3F5EFC005EEE85 /* PersonView.m */; };
		2B6A2BEA2C3F5F72005EEE85 /* ViewController.m in Sources */ = {isa = PBXBuildFile; fileRef = 2B6A2BE92C3F5F72005EEE85 /* ViewController.m */; };
		2B6A2BED2C3F6001005EEE85 /* PersonViewMVC.m in Sources */ = {isa = PBXBuildFile; fileRef = 2B6A2BEC2C3F6001005EEE85 /* PersonViewMVC.m */; };
		2B6A2BF02C3F6040005EEE85 /* ViewControllerMVC.m in Sources */ = {isa = PBXBuildFile; fileRef = 2B6A2BEF2C3F6040005EEE85 /* ViewControllerMVC.m */; };
		2B6B14452C2DE3E500A6C5B8 /* ListLoader.m in Sources */ = {isa = PBXBuildFile; fileRef = 2B6B14442C2DE3E500A6C5B8 /* ListLoader.m */; };
		2B6B144A2C2E0B0000A6C5B8 /* Weather.m in Sources */ = {isa = PBXBuildFile; fileRef = 2B6B14492C2E0B0000A6C5B8 /* Weather.m */; };
		2BA284F32C3DDB35002D63E6 /* Notification.m in Sources */ = {isa = PBXBuildFile; fileRef = 2BA284F22C3DDB35002D63E6 /* Notification.m */; };
		2BA284F62C3DEF76002D63E6 /* SearchBar.m in Sources */ = {isa = PBXBuildFile; fileRef = 2BA284F52C3DEF76002D63E6 /* SearchBar.m */; };
		2BA284F92C3E029F002D63E6 /* TextView.m in Sources */ = {isa = PBXBuildFile; fileRef = 2BA284F82C3E029F002D63E6 /* TextView.m */; };
		2BD257C42C2B7BC500215ACC /* AppDelegate.m in Sources */ = {isa = PBXBuildFile; fileRef = 2BD257C32C2B7BC500215ACC /* AppDelegate.m */; };
		2BD257C72C2B7BC500215ACC /* SceneDelegate.m in Sources */ = {isa = PBXBuildFile; fileRef = 2BD257C62C2B7BC500215ACC /* SceneDelegate.m */; };
		2BD257CA2C2B7BC500215ACC /* TestAController.m in Sources */ = {isa = PBXBuildFile; fileRef = 2BD257C92C2B7BC500215ACC /* TestAController.m */; };
		2BD257CF2C2B7BC600215ACC /* Assets.xcassets in Resources */ = {isa = PBXBuildFile; fileRef = 2BD257CE2C2B7BC600215ACC /* Assets.xcassets */; };
		2BD257D52C2B7BC700215ACC /* main.m in Sources */ = {isa = PBXBuildFile; fileRef = 2BD257D42C2B7BC700215ACC /* main.m */; };
		2BD257DF2C2B7BC700215ACC /* AppDemoTests.m in Sources */ = {isa = PBXBuildFile; fileRef = 2BD257DE2C2B7BC700215ACC /* AppDemoTests.m */; };
		2BD257E92C2B7BC700215ACC /* AppDemoUITests.m in Sources */ = {isa = PBXBuildFile; fileRef = 2BD257E82C2B7BC700215ACC /* AppDemoUITests.m */; };
		2BD257EB2C2B7BC700215ACC /* AppDemoUITestsLaunchTests.m in Sources */ = {isa = PBXBuildFile; fileRef = 2BD257EA2C2B7BC700215ACC /* AppDemoUITestsLaunchTests.m */; };
		2BD257FB2C2B945700215ACC /* TableListController.m in Sources */ = {isa = PBXBuildFile; fileRef = 2BD257FA2C2B945700215ACC /* TableListController.m */; };
		2BD257FE2C2BAD9900215ACC /* VideoController.m in Sources */ = {isa = PBXBuildFile; fileRef = 2BD257FD2C2BAD9900215ACC /* VideoController.m */; };
		2BD258012C2C8F4600215ACC /* IntroductionController.m in Sources */ = {isa = PBXBuildFile; fileRef = 2BD258002C2C8F4600215ACC /* IntroductionController.m */; };
		2BD258092C2C98AF00215ACC /* NormalTableViewCell.m in Sources */ = {isa = PBXBuildFile; fileRef = 2BD258082C2C98AF00215ACC /* NormalTableViewCell.m */; };
		2BD2580C2C2CD42E00215ACC /* WebViewController.m in Sources */ = {isa = PBXBuildFile; fileRef = 2BD2580B2C2CD42E00215ACC /* WebViewController.m */; };
		2BD258102C2CE68B00215ACC /* DeleteCellView.m in Sources */ = {isa = PBXBuildFile; fileRef = 2BD2580F2C2CE68B00215ACC /* DeleteCellView.m */; };
		8DE1F998B08C52688FD1B0CC /* Pods_AppDemo_AppDemoUITests.framework in Frameworks */ = {isa = PBXBuildFile; fileRef = 780D23C5BCB0BED976F50BB2 /* Pods_AppDemo_AppDemoUITests.framework */; };
		A451186F2C3B546F00BCFB00 /* Mediator.m in Sources */ = {isa = PBXBuildFile; fileRef = A451186E2C3B546F00BCFB00 /* Mediator.m */; };
		A45118732C3B5BAA00BCFB00 /* DetailViewController.m in Sources */ = {isa = PBXBuildFile; fileRef = A45118722C3B5BAA00BCFB00 /* DetailViewController.m */; };
		A9A1AA91EB33B057FC1F33BE /* Pods_AppDemoTests.framework in Frameworks */ = {isa = PBXBuildFile; fileRef = D099C94DDDA379BF00B12765 /* Pods_AppDemoTests.framework */; };
/* End PBXBuildFile section */

/* Begin PBXContainerItemProxy section */
		2BD257DB2C2B7BC700215ACC /* PBXContainerItemProxy */ = {
			isa = PBXContainerItemProxy;
			containerPortal = 2BD257B72C2B7BC500215ACC /* Project object */;
			proxyType = 1;
			remoteGlobalIDString = 2BD257BE2C2B7BC500215ACC;
			remoteInfo = AppDemo;
		};
		2BD257E52C2B7BC700215ACC /* PBXContainerItemProxy */ = {
			isa = PBXContainerItemProxy;
			containerPortal = 2BD257B72C2B7BC500215ACC /* Project object */;
			proxyType = 1;
			remoteGlobalIDString = 2BD257BE2C2B7BC500215ACC;
			remoteInfo = AppDemo;
		};
/* End PBXContainerItemProxy section */

/* Begin PBXFileReference section */
		06098CE6C70C5AC54E5BE7BA /* Pods_AppDemo.framework */ = {isa = PBXFileReference; explicitFileType = wrapper.framework; includeInIndex = 0; path = Pods_AppDemo.framework; sourceTree = BUILT_PRODUCTS_DIR; };
		2B3C75CA2C3CAC4900C4C969 /* Location.h */ = {isa = PBXFileReference; lastKnownFileType = sourcecode.c.h; path = Location.h; sourceTree = "<group>"; };
		2B3C75CB2C3CAC4900C4C969 /* Location.m */ = {isa = PBXFileReference; lastKnownFileType = sourcecode.c.objc; path = Location.m; sourceTree = "<group>"; };
		2B6A2BD92C3F5E6D005EEE85 /* Person.h */ = {isa = PBXFileReference; lastKnownFileType = sourcecode.c.h; path = Person.h; sourceTree = "<group>"; };
		2B6A2BDA2C3F5E6D005EEE85 /* Person.m */ = {isa = PBXFileReference; lastKnownFileType = sourcecode.c.objc; path = Person.m; sourceTree = "<group>"; };
		2B6A2BDF2C3F5EB8005EEE85 /* PersonViewModel.h */ = {isa = PBXFileReference; lastKnownFileType = sourcecode.c.h; path = PersonViewModel.h; sourceTree = "<group>"; };
		2B6A2BE02C3F5EB8005EEE85 /* PersonViewModel.m */ = {isa = PBXFileReference; lastKnownFileType = sourcecode.c.objc; path = PersonViewModel.m; sourceTree = "<group>"; };
		2B6A2BE22C3F5EFC005EEE85 /* PersonView.h */ = {isa = PBXFileReference; lastKnownFileType = sourcecode.c.h; path = PersonView.h; sourceTree = "<group>"; };
		2B6A2BE32C3F5EFC005EEE85 /* PersonView.m */ = {isa = PBXFileReference; lastKnownFileType = sourcecode.c.objc; path = PersonView.m; sourceTree = "<group>"; };
		2B6A2BE82C3F5F72005EEE85 /* ViewController.h */ = {isa = PBXFileReference; lastKnownFileType = sourcecode.c.h; path = ViewController.h; sourceTree = "<group>"; };
		2B6A2BE92C3F5F72005EEE85 /* ViewController.m */ = {isa = PBXFileReference; lastKnownFileType = sourcecode.c.objc; path = ViewController.m; sourceTree = "<group>"; };
		2B6A2BEB2C3F6001005EEE85 /* PersonViewMVC.h */ = {isa = PBXFileReference; lastKnownFileType = sourcecode.c.h; path = PersonViewMVC.h; sourceTree = "<group>"; };
		2B6A2BEC2C3F6001005EEE85 /* PersonViewMVC.m */ = {isa = PBXFileReference; lastKnownFileType = sourcecode.c.objc; path = PersonViewMVC.m; sourceTree = "<group>"; };
		2B6A2BEE2C3F6040005EEE85 /* ViewControllerMVC.h */ = {isa = PBXFileReference; lastKnownFileType = sourcecode.c.h; path = ViewControllerMVC.h; sourceTree = "<group>"; };
		2B6A2BEF2C3F6040005EEE85 /* ViewControllerMVC.m */ = {isa = PBXFileReference; lastKnownFileType = sourcecode.c.objc; path = ViewControllerMVC.m; sourceTree = "<group>"; };
		2B6B14432C2DE3E500A6C5B8 /* ListLoader.h */ = {isa = PBXFileReference; lastKnownFileType = sourcecode.c.h; path = ListLoader.h; sourceTree = "<group>"; };
		2B6B14442C2DE3E500A6C5B8 /* ListLoader.m */ = {isa = PBXFileReference; lastKnownFileType = sourcecode.c.objc; path = ListLoader.m; sourceTree = "<group>"; };
		2B6B14482C2E0B0000A6C5B8 /* Weather.h */ = {isa = PBXFileReference; lastKnownFileType = sourcecode.c.h; path = Weather.h; sourceTree = "<group>"; };
		2B6B14492C2E0B0000A6C5B8 /* Weather.m */ = {isa = PBXFileReference; lastKnownFileType = sourcecode.c.objc; path = Weather.m; sourceTree = "<group>"; };
		2BA284F12C3DDB35002D63E6 /* Notification.h */ = {isa = PBXFileReference; lastKnownFileType = sourcecode.c.h; path = Notification.h; sourceTree = "<group>"; };
		2BA284F22C3DDB35002D63E6 /* Notification.m */ = {isa = PBXFileReference; lastKnownFileType = sourcecode.c.objc; path = Notification.m; sourceTree = "<group>"; };
		2BA284F42C3DEF76002D63E6 /* SearchBar.h */ = {isa = PBXFileReference; lastKnownFileType = sourcecode.c.h; path = SearchBar.h; sourceTree = "<group>"; };
		2BA284F52C3DEF76002D63E6 /* SearchBar.m */ = {isa = PBXFileReference; lastKnownFileType = sourcecode.c.objc; path = SearchBar.m; sourceTree = "<group>"; };
		2BA284F72C3E029F002D63E6 /* TextView.h */ = {isa = PBXFileReference; lastKnownFileType = sourcecode.c.h; path = TextView.h; sourceTree = "<group>"; };
		2BA284F82C3E029F002D63E6 /* TextView.m */ = {isa = PBXFileReference; lastKnownFileType = sourcecode.c.objc; path = TextView.m; sourceTree = "<group>"; };
		2BD257BF2C2B7BC500215ACC /* AppDemo.app */ = {isa = PBXFileReference; explicitFileType = wrapper.application; includeInIndex = 0; path = AppDemo.app; sourceTree = BUILT_PRODUCTS_DIR; };
		2BD257C22C2B7BC500215ACC /* AppDelegate.h */ = {isa = PBXFileReference; lastKnownFileType = sourcecode.c.h; path = AppDelegate.h; sourceTree = "<group>"; };
		2BD257C32C2B7BC500215ACC /* AppDelegate.m */ = {isa = PBXFileReference; lastKnownFileType = sourcecode.c.objc; path = AppDelegate.m; sourceTree = "<group>"; };
		2BD257C52C2B7BC500215ACC /* SceneDelegate.h */ = {isa = PBXFileReference; lastKnownFileType = sourcecode.c.h; path = SceneDelegate.h; sourceTree = "<group>"; };
		2BD257C62C2B7BC500215ACC /* SceneDelegate.m */ = {isa = PBXFileReference; lastKnownFileType = sourcecode.c.objc; path = SceneDelegate.m; sourceTree = "<group>"; };
		2BD257C82C2B7BC500215ACC /* TestAController.h */ = {isa = PBXFileReference; lastKnownFileType = sourcecode.c.h; path = TestAController.h; sourceTree = "<group>"; };
		2BD257C92C2B7BC500215ACC /* TestAController.m */ = {isa = PBXFileReference; lastKnownFileType = sourcecode.c.objc; path = TestAController.m; sourceTree = "<group>"; };
		2BD257CE2C2B7BC600215ACC /* Assets.xcassets */ = {isa = PBXFileReference; lastKnownFileType = folder.assetcatalog; path = Assets.xcassets; sourceTree = "<group>"; };
		2BD257D32C2B7BC700215ACC /* Info.plist */ = {isa = PBXFileReference; lastKnownFileType = text.plist.xml; path = Info.plist; sourceTree = "<group>"; };
		2BD257D42C2B7BC700215ACC /* main.m */ = {isa = PBXFileReference; lastKnownFileType = sourcecode.c.objc; path = main.m; sourceTree = "<group>"; };
		2BD257DA2C2B7BC700215ACC /* AppDemoTests.xctest */ = {isa = PBXFileReference; explicitFileType = wrapper.cfbundle; includeInIndex = 0; path = AppDemoTests.xctest; sourceTree = BUILT_PRODUCTS_DIR; };
		2BD257DE2C2B7BC700215ACC /* AppDemoTests.m */ = {isa = PBXFileReference; lastKnownFileType = sourcecode.c.objc; path = AppDemoTests.m; sourceTree = "<group>"; };
		2BD257E42C2B7BC700215ACC /* AppDemoUITests.xctest */ = {isa = PBXFileReference; explicitFileType = wrapper.cfbundle; includeInIndex = 0; path = AppDemoUITests.xctest; sourceTree = BUILT_PRODUCTS_DIR; };
		2BD257E82C2B7BC700215ACC /* AppDemoUITests.m */ = {isa = PBXFileReference; lastKnownFileType = sourcecode.c.objc; path = AppDemoUITests.m; sourceTree = "<group>"; };
		2BD257EA2C2B7BC700215ACC /* AppDemoUITestsLaunchTests.m */ = {isa = PBXFileReference; lastKnownFileType = sourcecode.c.objc; path = AppDemoUITestsLaunchTests.m; sourceTree = "<group>"; };
		2BD257FA2C2B945700215ACC /* TableListController.m */ = {isa = PBXFileReference; lastKnownFileType = sourcecode.c.objc; path = TableListController.m; sourceTree = "<group>"; };
		2BD257FC2C2B946100215ACC /* TableListController.h */ = {isa = PBXFileReference; lastKnownFileType = sourcecode.c.h; path = TableListController.h; sourceTree = "<group>"; };
		2BD257FD2C2BAD9900215ACC /* VideoController.m */ = {isa = PBXFileReference; lastKnownFileType = sourcecode.c.objc; path = VideoController.m; sourceTree = "<group>"; };
		2BD257FF2C2BADA700215ACC /* VideoController.h */ = {isa = PBXFileReference; lastKnownFileType = sourcecode.c.h; path = VideoController.h; sourceTree = "<group>"; };
		2BD258002C2C8F4600215ACC /* IntroductionController.m */ = {isa = PBXFileReference; lastKnownFileType = sourcecode.c.objc; path = IntroductionController.m; sourceTree = "<group>"; };
		2BD258022C2C8F4E00215ACC /* IntroductionController.h */ = {isa = PBXFileReference; lastKnownFileType = sourcecode.c.h; path = IntroductionController.h; sourceTree = "<group>"; };
		2BD258072C2C98AF00215ACC /* NormalTableViewCell.h */ = {isa = PBXFileReference; lastKnownFileType = sourcecode.c.h; path = NormalTableViewCell.h; sourceTree = "<group>"; };
		2BD258082C2C98AF00215ACC /* NormalTableViewCell.m */ = {isa = PBXFileReference; lastKnownFileType = sourcecode.c.objc; path = NormalTableViewCell.m; sourceTree = "<group>"; };
		2BD2580B2C2CD42E00215ACC /* WebViewController.m */ = {isa = PBXFileReference; lastKnownFileType = sourcecode.c.objc; path = WebViewController.m; sourceTree = "<group>"; };
		2BD2580D2C2CD43500215ACC /* WebViewController.h */ = {isa = PBXFileReference; lastKnownFileType = sourcecode.c.h; path = WebViewController.h; sourceTree = "<group>"; };
		2BD2580E2C2CE68B00215ACC /* DeleteCellView.h */ = {isa = PBXFileReference; lastKnownFileType = sourcecode.c.h; path = DeleteCellView.h; sourceTree = "<group>"; };
		2BD2580F2C2CE68B00215ACC /* DeleteCellView.m */ = {isa = PBXFileReference; lastKnownFileType = sourcecode.c.objc; path = DeleteCellView.m; sourceTree = "<group>"; };
		4B88F50180EDEBCCF828C497 /* Pods-AppDemoTests.debug.xcconfig */ = {isa = PBXFileReference; includeInIndex = 1; lastKnownFileType = text.xcconfig; name = "Pods-AppDemoTests.debug.xcconfig"; path = "Target Support Files/Pods-AppDemoTests/Pods-AppDemoTests.debug.xcconfig"; sourceTree = "<group>"; };
		6946965C58A418093FA6FC82 /* Pods-AppDemo-AppDemoUITests.release.xcconfig */ = {isa = PBXFileReference; includeInIndex = 1; lastKnownFileType = text.xcconfig; name = "Pods-AppDemo-AppDemoUITests.release.xcconfig"; path = "Target Support Files/Pods-AppDemo-AppDemoUITests/Pods-AppDemo-AppDemoUITests.release.xcconfig"; sourceTree = "<group>"; };
		780D23C5BCB0BED976F50BB2 /* Pods_AppDemo_AppDemoUITests.framework */ = {isa = PBXFileReference; explicitFileType = wrapper.framework; includeInIndex = 0; path = Pods_AppDemo_AppDemoUITests.framework; sourceTree = BUILT_PRODUCTS_DIR; };
		817221EF55FE18221B1A3DF1 /* Pods-AppDemo.debug.xcconfig */ = {isa = PBXFileReference; includeInIndex = 1; lastKnownFileType = text.xcconfig; name = "Pods-AppDemo.debug.xcconfig"; path = "Target Support Files/Pods-AppDemo/Pods-AppDemo.debug.xcconfig"; sourceTree = "<group>"; };
		869E74420B698701C2EE54CA /* Pods-AppDemoTests.release.xcconfig */ = {isa = PBXFileReference; includeInIndex = 1; lastKnownFileType = text.xcconfig; name = "Pods-AppDemoTests.release.xcconfig"; path = "Target Support Files/Pods-AppDemoTests/Pods-AppDemoTests.release.xcconfig"; sourceTree = "<group>"; };
		A451186E2C3B546F00BCFB00 /* Mediator.m */ = {isa = PBXFileReference; lastKnownFileType = sourcecode.c.objc; path = Mediator.m; sourceTree = "<group>"; };
		A45118702C3B547A00BCFB00 /* Mediator.h */ = {isa = PBXFileReference; lastKnownFileType = sourcecode.c.h; path = Mediator.h; sourceTree = "<group>"; };
		A45118712C3B5BAA00BCFB00 /* DetailViewController.h */ = {isa = PBXFileReference; lastKnownFileType = sourcecode.c.h; path = DetailViewController.h; sourceTree = "<group>"; };
		A45118722C3B5BAA00BCFB00 /* DetailViewController.m */ = {isa = PBXFileReference; lastKnownFileType = sourcecode.c.objc; path = DetailViewController.m; sourceTree = "<group>"; };
		C797219E915625B86D590722 /* Pods-AppDemo-AppDemoUITests.debug.xcconfig */ = {isa = PBXFileReference; includeInIndex = 1; lastKnownFileType = text.xcconfig; name = "Pods-AppDemo-AppDemoUITests.debug.xcconfig"; path = "Target Support Files/Pods-AppDemo-AppDemoUITests/Pods-AppDemo-AppDemoUITests.debug.xcconfig"; sourceTree = "<group>"; };
		D099C94DDDA379BF00B12765 /* Pods_AppDemoTests.framework */ = {isa = PBXFileReference; explicitFileType = wrapper.framework; includeInIndex = 0; path = Pods_AppDemoTests.framework; sourceTree = BUILT_PRODUCTS_DIR; };
		F9C25B605A96B4AFF8F85C4E /* Pods-AppDemo.release.xcconfig */ = {isa = PBXFileReference; includeInIndex = 1; lastKnownFileType = text.xcconfig; name = "Pods-AppDemo.release.xcconfig"; path = "Target Support Files/Pods-AppDemo/Pods-AppDemo.release.xcconfig"; sourceTree = "<group>"; };
/* End PBXFileReference section */

/* Begin PBXFrameworksBuildPhase section */
		2BD257BC2C2B7BC500215ACC /* Frameworks */ = {
			isa = PBXFrameworksBuildPhase;
			buildActionMask = 2147483647;
			files = (
				17831ED7F7C64DA244BA3007 /* Pods_AppDemo.framework in Frameworks */,
			);
			runOnlyForDeploymentPostprocessing = 0;
		};
		2BD257D72C2B7BC700215ACC /* Frameworks */ = {
			isa = PBXFrameworksBuildPhase;
			buildActionMask = 2147483647;
			files = (
				A9A1AA91EB33B057FC1F33BE /* Pods_AppDemoTests.framework in Frameworks */,
			);
			runOnlyForDeploymentPostprocessing = 0;
		};
		2BD257E12C2B7BC700215ACC /* Frameworks */ = {
			isa = PBXFrameworksBuildPhase;
			buildActionMask = 2147483647;
			files = (
				8DE1F998B08C52688FD1B0CC /* Pods_AppDemo_AppDemoUITests.framework in Frameworks */,
			);
			runOnlyForDeploymentPostprocessing = 0;
		};
/* End PBXFrameworksBuildPhase section */

/* Begin PBXGroup section */
		24807A52939C90FC6A38F11F /* Pods */ = {
			isa = PBXGroup;
			children = (
				817221EF55FE18221B1A3DF1 /* Pods-AppDemo.debug.xcconfig */,
				F9C25B605A96B4AFF8F85C4E /* Pods-AppDemo.release.xcconfig */,
				C797219E915625B86D590722 /* Pods-AppDemo-AppDemoUITests.debug.xcconfig */,
				6946965C58A418093FA6FC82 /* Pods-AppDemo-AppDemoUITests.release.xcconfig */,
				4B88F50180EDEBCCF828C497 /* Pods-AppDemoTests.debug.xcconfig */,
				869E74420B698701C2EE54CA /* Pods-AppDemoTests.release.xcconfig */,
			);
			path = Pods;
			sourceTree = "<group>";
		};
		2B6A2BD62C3F5E1F005EEE85 /* DesignModel */ = {
			isa = PBXGroup;
			children = (
				2B6A2BDC2C3F5E89005EEE85 /* Model */,
				2B6A2BD82C3F5E50005EEE85 /* MVC */,
				2B6A2BD72C3F5E4A005EEE85 /* MVVM */,
			);
			path = DesignModel;
			sourceTree = "<group>";
		};
		2B6A2BD72C3F5E4A005EEE85 /* MVVM */ = {
			isa = PBXGroup;
			children = (
				2B6A2BDE2C3F5E9F005EEE85 /* View */,
				2B6A2BDD2C3F5E93005EEE85 /* ViewModel */,
				2B6A2BE82C3F5F72005EEE85 /* ViewController.h */,
				2B6A2BE92C3F5F72005EEE85 /* ViewController.m */,
			);
			path = MVVM;
			sourceTree = "<group>";
		};
		2B6A2BD82C3F5E50005EEE85 /* MVC */ = {
			isa = PBXGroup;
			children = (
				2B6A2BE72C3F5F4F005EEE85 /* Controller */,
				2B6A2BE62C3F5F46005EEE85 /* View */,
			);
			path = MVC;
			sourceTree = "<group>";
		};
		2B6A2BDC2C3F5E89005EEE85 /* Model */ = {
			isa = PBXGroup;
			children = (
				2B6A2BD92C3F5E6D005EEE85 /* Person.h */,
				2B6A2BDA2C3F5E6D005EEE85 /* Person.m */,
			);
			path = Model;
			sourceTree = "<group>";
		};
		2B6A2BDD2C3F5E93005EEE85 /* ViewModel */ = {
			isa = PBXGroup;
			children = (
				2B6A2BDF2C3F5EB8005EEE85 /* PersonViewModel.h */,
				2B6A2BE02C3F5EB8005EEE85 /* PersonViewModel.m */,
			);
			path = ViewModel;
			sourceTree = "<group>";
		};
		2B6A2BDE2C3F5E9F005EEE85 /* View */ = {
			isa = PBXGroup;
			children = (
				2B6A2BE22C3F5EFC005EEE85 /* PersonView.h */,
				2B6A2BE32C3F5EFC005EEE85 /* PersonView.m */,
			);
			path = View;
			sourceTree = "<group>";
		};
		2B6A2BE62C3F5F46005EEE85 /* View */ = {
			isa = PBXGroup;
			children = (
				2B6A2BEB2C3F6001005EEE85 /* PersonViewMVC.h */,
				2B6A2BEC2C3F6001005EEE85 /* PersonViewMVC.m */,
			);
			path = View;
			sourceTree = "<group>";
		};
		2B6A2BE72C3F5F4F005EEE85 /* Controller */ = {
			isa = PBXGroup;
			children = (
				2B6A2BEE2C3F6040005EEE85 /* ViewControllerMVC.h */,
				2B6A2BEF2C3F6040005EEE85 /* ViewControllerMVC.m */,
			);
			path = Controller;
			sourceTree = "<group>";
		};
		2B6B14462C2DE3EC00A6C5B8 /* Utils */ = {
			isa = PBXGroup;
			children = (
				2B6B14432C2DE3E500A6C5B8 /* ListLoader.h */,
				2B6B14442C2DE3E500A6C5B8 /* ListLoader.m */,
				A45118702C3B547A00BCFB00 /* Mediator.h */,
				A451186E2C3B546F00BCFB00 /* Mediator.m */,
				2B3C75CA2C3CAC4900C4C969 /* Location.h */,
				2B3C75CB2C3CAC4900C4C969 /* Location.m */,
				2BA284F12C3DDB35002D63E6 /* Notification.h */,
				2BA284F22C3DDB35002D63E6 /* Notification.m */,
			);
			path = Utils;
			sourceTree = "<group>";
		};
		2B6B14472C2E0A0700A6C5B8 /* Models */ = {
			isa = PBXGroup;
			children = (
				2B6B14482C2E0B0000A6C5B8 /* Weather.h */,
				2B6B14492C2E0B0000A6C5B8 /* Weather.m */,
			);
			path = Models;
			sourceTree = "<group>";
		};
		2BD257B62C2B7BC500215ACC = {
			isa = PBXGroup;
			children = (
				2BD257C12C2B7BC500215ACC /* AppDemo */,
				2BD257DD2C2B7BC700215ACC /* AppDemoTests */,
				2BD257E72C2B7BC700215ACC /* AppDemoUITests */,
				2BD257C02C2B7BC500215ACC /* Products */,
				24807A52939C90FC6A38F11F /* Pods */,
				A9A6EF3901F6D9F12D8B2927 /* Frameworks */,
			);
			sourceTree = "<group>";
		};
		2BD257C02C2B7BC500215ACC /* Products */ = {
			isa = PBXGroup;
			children = (
				2BD257BF2C2B7BC500215ACC /* AppDemo.app */,
				2BD257DA2C2B7BC700215ACC /* AppDemoTests.xctest */,
				2BD257E42C2B7BC700215ACC /* AppDemoUITests.xctest */,
			);
			name = Products;
			sourceTree = "<group>";
		};
		2BD257C12C2B7BC500215ACC /* AppDemo */ = {
			isa = PBXGroup;
			children = (
				2B6A2BD62C3F5E1F005EEE85 /* DesignModel */,
				2B6B14472C2E0A0700A6C5B8 /* Models */,
				2B6B14462C2DE3EC00A6C5B8 /* Utils */,
				2BD2580A2C2CCA1200215ACC /* Controllers */,
				2BD258032C2C983B00215ACC /* Views */,
				2BD257C22C2B7BC500215ACC /* AppDelegate.h */,
				2BD257C32C2B7BC500215ACC /* AppDelegate.m */,
				2BD257C52C2B7BC500215ACC /* SceneDelegate.h */,
				2BD257C62C2B7BC500215ACC /* SceneDelegate.m */,
				2BD257CE2C2B7BC600215ACC /* Assets.xcassets */,
				2BD257D32C2B7BC700215ACC /* Info.plist */,
				2BD257D42C2B7BC700215ACC /* main.m */,
			);
			path = AppDemo;
			sourceTree = "<group>";
		};
		2BD257DD2C2B7BC700215ACC /* AppDemoTests */ = {
			isa = PBXGroup;
			children = (
				2BD257DE2C2B7BC700215ACC /* AppDemoTests.m */,
			);
			path = AppDemoTests;
			sourceTree = "<group>";
		};
		2BD257E72C2B7BC700215ACC /* AppDemoUITests */ = {
			isa = PBXGroup;
			children = (
				2BD257E82C2B7BC700215ACC /* AppDemoUITests.m */,
				2BD257EA2C2B7BC700215ACC /* AppDemoUITestsLaunchTests.m */,
			);
			path = AppDemoUITests;
			sourceTree = "<group>";
		};
		2BD258032C2C983B00215ACC /* Views */ = {
			isa = PBXGroup;
			children = (
				2BD258072C2C98AF00215ACC /* NormalTableViewCell.h */,
				2BD258082C2C98AF00215ACC /* NormalTableViewCell.m */,
				2BD2580E2C2CE68B00215ACC /* DeleteCellView.h */,
				2BD2580F2C2CE68B00215ACC /* DeleteCellView.m */,
				A45118712C3B5BAA00BCFB00 /* DetailViewController.h */,
				A45118722C3B5BAA00BCFB00 /* DetailViewController.m */,
				2BA284F42C3DEF76002D63E6 /* SearchBar.h */,
				2BA284F52C3DEF76002D63E6 /* SearchBar.m */,
				2BA284F72C3E029F002D63E6 /* TextView.h */,
				2BA284F82C3E029F002D63E6 /* TextView.m */,
			);
			path = Views;
			sourceTree = "<group>";
		};
		2BD2580A2C2CCA1200215ACC /* Controllers */ = {
			isa = PBXGroup;
			children = (
				2BD257C82C2B7BC500215ACC /* TestAController.h */,
				2BD257C92C2B7BC500215ACC /* TestAController.m */,
				2BD257FC2C2B946100215ACC /* TableListController.h */,
				2BD257FA2C2B945700215ACC /* TableListController.m */,
				2BD257FF2C2BADA700215ACC /* VideoController.h */,
				2BD257FD2C2BAD9900215ACC /* VideoController.m */,
				2BD258022C2C8F4E00215ACC /* IntroductionController.h */,
				2BD258002C2C8F4600215ACC /* IntroductionController.m */,
				2BD2580D2C2CD43500215ACC /* WebViewController.h */,
				2BD2580B2C2CD42E00215ACC /* WebViewController.m */,
			);
			path = Controllers;
			sourceTree = "<group>";
		};
		A9A6EF3901F6D9F12D8B2927 /* Frameworks */ = {
			isa = PBXGroup;
			children = (
				06098CE6C70C5AC54E5BE7BA /* Pods_AppDemo.framework */,
				780D23C5BCB0BED976F50BB2 /* Pods_AppDemo_AppDemoUITests.framework */,
				D099C94DDDA379BF00B12765 /* Pods_AppDemoTests.framework */,
			);
			name = Frameworks;
			sourceTree = "<group>";
		};
/* End PBXGroup section */

/* Begin PBXNativeTarget section */
		2BD257BE2C2B7BC500215ACC /* AppDemo */ = {
			isa = PBXNativeTarget;
			buildConfigurationList = 2BD257EE2C2B7BC700215ACC /* Build configuration list for PBXNativeTarget "AppDemo" */;
			buildPhases = (
				8BF794ED57D0D6F696EB8AA9 /* [CP] Check Pods Manifest.lock */,
				2BD257BB2C2B7BC500215ACC /* Sources */,
				2BD257BC2C2B7BC500215ACC /* Frameworks */,
				2BD257BD2C2B7BC500215ACC /* Resources */,
				1C07A80997AAD8374AECF078 /* [CP] Embed Pods Frameworks */,
			);
			buildRules = (
			);
			dependencies = (
			);
			name = AppDemo;
			productName = AppDemo;
			productReference = 2BD257BF2C2B7BC500215ACC /* AppDemo.app */;
			productType = "com.apple.product-type.application";
		};
		2BD257D92C2B7BC700215ACC /* AppDemoTests */ = {
			isa = PBXNativeTarget;
			buildConfigurationList = 2BD257F12C2B7BC700215ACC /* Build configuration list for PBXNativeTarget "AppDemoTests" */;
			buildPhases = (
				F162F6A5B3F93B46C3E1B09F /* [CP] Check Pods Manifest.lock */,
				2BD257D62C2B7BC700215ACC /* Sources */,
				2BD257D72C2B7BC700215ACC /* Frameworks */,
				2BD257D82C2B7BC700215ACC /* Resources */,
			);
			buildRules = (
			);
			dependencies = (
				2BD257DC2C2B7BC700215ACC /* PBXTargetDependency */,
			);
			name = AppDemoTests;
			productName = AppDemoTests;
			productReference = 2BD257DA2C2B7BC700215ACC /* AppDemoTests.xctest */;
			productType = "com.apple.product-type.bundle.unit-test";
		};
		2BD257E32C2B7BC700215ACC /* AppDemoUITests */ = {
			isa = PBXNativeTarget;
			buildConfigurationList = 2BD257F42C2B7BC700215ACC /* Build configuration list for PBXNativeTarget "AppDemoUITests" */;
			buildPhases = (
				C0DFA605324FD48180F3B24B /* [CP] Check Pods Manifest.lock */,
				2BD257E02C2B7BC700215ACC /* Sources */,
				2BD257E12C2B7BC700215ACC /* Frameworks */,
				2BD257E22C2B7BC700215ACC /* Resources */,
				FA20E61183988CCF5B380A09 /* [CP] Embed Pods Frameworks */,
			);
			buildRules = (
			);
			dependencies = (
				2BD257E62C2B7BC700215ACC /* PBXTargetDependency */,
			);
			name = AppDemoUITests;
			productName = AppDemoUITests;
			productReference = 2BD257E42C2B7BC700215ACC /* AppDemoUITests.xctest */;
			productType = "com.apple.product-type.bundle.ui-testing";
		};
/* End PBXNativeTarget section */

/* Begin PBXProject section */
		2BD257B72C2B7BC500215ACC /* Project object */ = {
			isa = PBXProject;
			attributes = {
				BuildIndependentTargetsInParallel = 1;
				LastUpgradeCheck = 1520;
				TargetAttributes = {
					2BD257BE2C2B7BC500215ACC = {
						CreatedOnToolsVersion = 15.2;
						LastSwiftMigration = 1520;
					};
					2BD257D92C2B7BC700215ACC = {
						CreatedOnToolsVersion = 15.2;
						TestTargetID = 2BD257BE2C2B7BC500215ACC;
					};
					2BD257E32C2B7BC700215ACC = {
						CreatedOnToolsVersion = 15.2;
						TestTargetID = 2BD257BE2C2B7BC500215ACC;
					};
				};
			};
			buildConfigurationList = 2BD257BA2C2B7BC500215ACC /* Build configuration list for PBXProject "AppDemo" */;
			compatibilityVersion = "Xcode 14.0";
			developmentRegion = en;
			hasScannedForEncodings = 0;
			knownRegions = (
				en,
				Base,
			);
			mainGroup = 2BD257B62C2B7BC500215ACC;
			productRefGroup = 2BD257C02C2B7BC500215ACC /* Products */;
			projectDirPath = "";
			projectRoot = "";
			targets = (
				2BD257BE2C2B7BC500215ACC /* AppDemo */,
				2BD257D92C2B7BC700215ACC /* AppDemoTests */,
				2BD257E32C2B7BC700215ACC /* AppDemoUITests */,
			);
		};
/* End PBXProject section */

/* Begin PBXResourcesBuildPhase section */
		2BD257BD2C2B7BC500215ACC /* Resources */ = {
			isa = PBXResourcesBuildPhase;
			buildActionMask = 2147483647;
			files = (
				2BD257CF2C2B7BC600215ACC /* Assets.xcassets in Resources */,
			);
			runOnlyForDeploymentPostprocessing = 0;
		};
		2BD257D82C2B7BC700215ACC /* Resources */ = {
			isa = PBXResourcesBuildPhase;
			buildActionMask = 2147483647;
			files = (
			);
			runOnlyForDeploymentPostprocessing = 0;
		};
		2BD257E22C2B7BC700215ACC /* Resources */ = {
			isa = PBXResourcesBuildPhase;
			buildActionMask = 2147483647;
			files = (
			);
			runOnlyForDeploymentPostprocessing = 0;
		};
/* End PBXResourcesBuildPhase section */

/* Begin PBXShellScriptBuildPhase section */
		1C07A80997AAD8374AECF078 /* [CP] Embed Pods Frameworks */ = {
			isa = PBXShellScriptBuildPhase;
			buildActionMask = 2147483647;
			files = (
			);
			inputFileListPaths = (
				"${PODS_ROOT}/Target Support Files/Pods-AppDemo/Pods-AppDemo-frameworks-${CONFIGURATION}-input-files.xcfilelist",
			);
			name = "[CP] Embed Pods Frameworks";
			outputFileListPaths = (
				"${PODS_ROOT}/Target Support Files/Pods-AppDemo/Pods-AppDemo-frameworks-${CONFIGURATION}-output-files.xcfilelist",
			);
			runOnlyForDeploymentPostprocessing = 0;
			shellPath = /bin/sh;
			shellScript = "\"${PODS_ROOT}/Target Support Files/Pods-AppDemo/Pods-AppDemo-frameworks.sh\"\n";
			showEnvVarsInLog = 0;
		};
		8BF794ED57D0D6F696EB8AA9 /* [CP] Check Pods Manifest.lock */ = {
			isa = PBXShellScriptBuildPhase;
			buildActionMask = 2147483647;
			files = (
			);
			inputFileListPaths = (
			);
			inputPaths = (
				"${PODS_PODFILE_DIR_PATH}/Podfile.lock",
				"${PODS_ROOT}/Manifest.lock",
			);
			name = "[CP] Check Pods Manifest.lock";
			outputFileListPaths = (
			);
			outputPaths = (
				"$(DERIVED_FILE_DIR)/Pods-AppDemo-checkManifestLockResult.txt",
			);
			runOnlyForDeploymentPostprocessing = 0;
			shellPath = /bin/sh;
			shellScript = "diff \"${PODS_PODFILE_DIR_PATH}/Podfile.lock\" \"${PODS_ROOT}/Manifest.lock\" > /dev/null\nif [ $? != 0 ] ; then\n    # print error to STDERR\n    echo \"error: The sandbox is not in sync with the Podfile.lock. Run 'pod install' or update your CocoaPods installation.\" >&2\n    exit 1\nfi\n# This output is used by Xcode 'outputs' to avoid re-running this script phase.\necho \"SUCCESS\" > \"${SCRIPT_OUTPUT_FILE_0}\"\n";
			showEnvVarsInLog = 0;
		};
		C0DFA605324FD48180F3B24B /* [CP] Check Pods Manifest.lock */ = {
			isa = PBXShellScriptBuildPhase;
			buildActionMask = 2147483647;
			files = (
			);
			inputFileListPaths = (
			);
			inputPaths = (
				"${PODS_PODFILE_DIR_PATH}/Podfile.lock",
				"${PODS_ROOT}/Manifest.lock",
			);
			name = "[CP] Check Pods Manifest.lock";
			outputFileListPaths = (
			);
			outputPaths = (
				"$(DERIVED_FILE_DIR)/Pods-AppDemo-AppDemoUITests-checkManifestLockResult.txt",
			);
			runOnlyForDeploymentPostprocessing = 0;
			shellPath = /bin/sh;
			shellScript = "diff \"${PODS_PODFILE_DIR_PATH}/Podfile.lock\" \"${PODS_ROOT}/Manifest.lock\" > /dev/null\nif [ $? != 0 ] ; then\n    # print error to STDERR\n    echo \"error: The sandbox is not in sync with the Podfile.lock. Run 'pod install' or update your CocoaPods installation.\" >&2\n    exit 1\nfi\n# This output is used by Xcode 'outputs' to avoid re-running this script phase.\necho \"SUCCESS\" > \"${SCRIPT_OUTPUT_FILE_0}\"\n";
			showEnvVarsInLog = 0;
		};
		F162F6A5B3F93B46C3E1B09F /* [CP] Check Pods Manifest.lock */ = {
			isa = PBXShellScriptBuildPhase;
			buildActionMask = 2147483647;
			files = (
			);
			inputFileListPaths = (
			);
			inputPaths = (
				"${PODS_PODFILE_DIR_PATH}/Podfile.lock",
				"${PODS_ROOT}/Manifest.lock",
			);
			name = "[CP] Check Pods Manifest.lock";
			outputFileListPaths = (
			);
			outputPaths = (
				"$(DERIVED_FILE_DIR)/Pods-AppDemoTests-checkManifestLockResult.txt",
			);
			runOnlyForDeploymentPostprocessing = 0;
			shellPath = /bin/sh;
			shellScript = "diff \"${PODS_PODFILE_DIR_PATH}/Podfile.lock\" \"${PODS_ROOT}/Manifest.lock\" > /dev/null\nif [ $? != 0 ] ; then\n    # print error to STDERR\n    echo \"error: The sandbox is not in sync with the Podfile.lock. Run 'pod install' or update your CocoaPods installation.\" >&2\n    exit 1\nfi\n# This output is used by Xcode 'outputs' to avoid re-running this script phase.\necho \"SUCCESS\" > \"${SCRIPT_OUTPUT_FILE_0}\"\n";
			showEnvVarsInLog = 0;
		};
		FA20E61183988CCF5B380A09 /* [CP] Embed Pods Frameworks */ = {
			isa = PBXShellScriptBuildPhase;
			buildActionMask = 2147483647;
			files = (
			);
			inputFileListPaths = (
				"${PODS_ROOT}/Target Support Files/Pods-AppDemo-AppDemoUITests/Pods-AppDemo-AppDemoUITests-frameworks-${CONFIGURATION}-input-files.xcfilelist",
			);
			name = "[CP] Embed Pods Frameworks";
			outputFileListPaths = (
				"${PODS_ROOT}/Target Support Files/Pods-AppDemo-AppDemoUITests/Pods-AppDemo-AppDemoUITests-frameworks-${CONFIGURATION}-output-files.xcfilelist",
			);
			runOnlyForDeploymentPostprocessing = 0;
			shellPath = /bin/sh;
			shellScript = "\"${PODS_ROOT}/Target Support Files/Pods-AppDemo-AppDemoUITests/Pods-AppDemo-AppDemoUITests-frameworks.sh\"\n";
			showEnvVarsInLog = 0;
		};
/* End PBXShellScriptBuildPhase section */

/* Begin PBXSourcesBuildPhase section */
		2BD257BB2C2B7BC500215ACC /* Sources */ = {
			isa = PBXSourcesBuildPhase;
			buildActionMask = 2147483647;
			files = (
				2BA284F62C3DEF76002D63E6 /* SearchBar.m in Sources */,
				2BA284F32C3DDB35002D63E6 /* Notification.m in Sources */,
				2B6A2BDB2C3F5E6D005EEE85 /* Person.m in Sources */,
				2B6A2BF02C3F6040005EEE85 /* ViewControllerMVC.m in Sources */,
				2B6B144A2C2E0B0000A6C5B8 /* Weather.m in Sources */,
				2B3C75CC2C3CAC4900C4C969 /* Location.m in Sources */,
				2BD257CA2C2B7BC500215ACC /* TestAController.m in Sources */,
				A451186F2C3B546F00BCFB00 /* Mediator.m in Sources */,
				2BD257C42C2B7BC500215ACC /* AppDelegate.m in Sources */,
				2BD257FE2C2BAD9900215ACC /* VideoController.m in Sources */,
				2B6B14452C2DE3E500A6C5B8 /* ListLoader.m in Sources */,
				2BA284F92C3E029F002D63E6 /* TextView.m in Sources */,
				2B6A2BED2C3F6001005EEE85 /* PersonViewMVC.m in Sources */,
				2BD257FB2C2B945700215ACC /* TableListController.m in Sources */,
				2BD258092C2C98AF00215ACC /* NormalTableViewCell.m in Sources */,
				2BD258102C2CE68B00215ACC /* DeleteCellView.m in Sources */,
				2BD2580C2C2CD42E00215ACC /* WebViewController.m in Sources */,
				2B6A2BE42C3F5EFC005EEE85 /* PersonView.m in Sources */,
				2B6A2BEA2C3F5F72005EEE85 /* ViewController.m in Sources */,
				2B6A2BE12C3F5EB8005EEE85 /* PersonViewModel.m in Sources */,
				2BD257D52C2B7BC700215ACC /* main.m in Sources */,
				2BD258012C2C8F4600215ACC /* IntroductionController.m in Sources */,
				2BD257C72C2B7BC500215ACC /* SceneDelegate.m in Sources */,
				A45118732C3B5BAA00BCFB00 /* DetailViewController.m in Sources */,
			);
			runOnlyForDeploymentPostprocessing = 0;
		};
		2BD257D62C2B7BC700215ACC /* Sources */ = {
			isa = PBXSourcesBuildPhase;
			buildActionMask = 2147483647;
			files = (
				2BD257DF2C2B7BC700215ACC /* AppDemoTests.m in Sources */,
			);
			runOnlyForDeploymentPostprocessing = 0;
		};
		2BD257E02C2B7BC700215ACC /* Sources */ = {
			isa = PBXSourcesBuildPhase;
			buildActionMask = 2147483647;
			files = (
				2BD257E92C2B7BC700215ACC /* AppDemoUITests.m in Sources */,
				2BD257EB2C2B7BC700215ACC /* AppDemoUITestsLaunchTests.m in Sources */,
			);
			runOnlyForDeploymentPostprocessing = 0;
		};
/* End PBXSourcesBuildPhase section */

/* Begin PBXTargetDependency section */
		2BD257DC2C2B7BC700215ACC /* PBXTargetDependency */ = {
			isa = PBXTargetDependency;
			target = 2BD257BE2C2B7BC500215ACC /* AppDemo */;
			targetProxy = 2BD257DB2C2B7BC700215ACC /* PBXContainerItemProxy */;
		};
		2BD257E62C2B7BC700215ACC /* PBXTargetDependency */ = {
			isa = PBXTargetDependency;
			target = 2BD257BE2C2B7BC500215ACC /* AppDemo */;
			targetProxy = 2BD257E52C2B7BC700215ACC /* PBXContainerItemProxy */;
		};
/* End PBXTargetDependency section */

/* Begin XCBuildConfiguration section */
		2BD257EC2C2B7BC700215ACC /* Debug */ = {
			isa = XCBuildConfiguration;
			buildSettings = {
				ALWAYS_SEARCH_USER_PATHS = NO;
				ASSETCATALOG_COMPILER_GENERATE_SWIFT_ASSET_SYMBOL_EXTENSIONS = YES;
				CLANG_ANALYZER_NONNULL = YES;
				CLANG_ANALYZER_NUMBER_OBJECT_CONVERSION = YES_AGGRESSIVE;
				CLANG_CXX_LANGUAGE_STANDARD = "gnu++20";
				CLANG_ENABLE_MODULES = YES;
				CLANG_ENABLE_OBJC_ARC = YES;
				CLANG_ENABLE_OBJC_WEAK = YES;
				CLANG_WARN_BLOCK_CAPTURE_AUTORELEASING = YES;
				CLANG_WARN_BOOL_CONVERSION = YES;
				CLANG_WARN_COMMA = YES;
				CLANG_WARN_CONSTANT_CONVERSION = YES;
				CLANG_WARN_DEPRECATED_OBJC_IMPLEMENTATIONS = YES;
				CLANG_WARN_DIRECT_OBJC_ISA_USAGE = YES_ERROR;
				CLANG_WARN_DOCUMENTATION_COMMENTS = YES;
				CLANG_WARN_EMPTY_BODY = YES;
				CLANG_WARN_ENUM_CONVERSION = YES;
				CLANG_WARN_INFINITE_RECURSION = YES;
				CLANG_WARN_INT_CONVERSION = YES;
				CLANG_WARN_NON_LITERAL_NULL_CONVERSION = YES;
				CLANG_WARN_OBJC_IMPLICIT_RETAIN_SELF = YES;
				CLANG_WARN_OBJC_LITERAL_CONVERSION = YES;
				CLANG_WARN_OBJC_ROOT_CLASS = YES_ERROR;
				CLANG_WARN_QUOTED_INCLUDE_IN_FRAMEWORK_HEADER = YES;
				CLANG_WARN_RANGE_LOOP_ANALYSIS = YES;
				CLANG_WARN_STRICT_PROTOTYPES = YES;
				CLANG_WARN_SUSPICIOUS_MOVE = YES;
				CLANG_WARN_UNGUARDED_AVAILABILITY = YES_AGGRESSIVE;
				CLANG_WARN_UNREACHABLE_CODE = YES;
				CLANG_WARN__DUPLICATE_METHOD_MATCH = YES;
				COPY_PHASE_STRIP = NO;
				DEBUG_INFORMATION_FORMAT = dwarf;
				ENABLE_STRICT_OBJC_MSGSEND = YES;
				ENABLE_TESTABILITY = YES;
				ENABLE_USER_SCRIPT_SANDBOXING = NO;
				GCC_C_LANGUAGE_STANDARD = gnu17;
				GCC_DYNAMIC_NO_PIC = NO;
				GCC_NO_COMMON_BLOCKS = YES;
				GCC_OPTIMIZATION_LEVEL = 0;
				GCC_PREPROCESSOR_DEFINITIONS = (
					"DEBUG=1",
					"$(inherited)",
				);
				GCC_WARN_64_TO_32_BIT_CONVERSION = YES;
				GCC_WARN_ABOUT_RETURN_TYPE = YES_ERROR;
				GCC_WARN_UNDECLARED_SELECTOR = YES;
				GCC_WARN_UNINITIALIZED_AUTOS = YES_AGGRESSIVE;
				GCC_WARN_UNUSED_FUNCTION = YES;
				GCC_WARN_UNUSED_VARIABLE = YES;
				IPHONEOS_DEPLOYMENT_TARGET = 17.2;
				LOCALIZATION_PREFERS_STRING_CATALOGS = YES;
				MTL_ENABLE_DEBUG_INFO = INCLUDE_SOURCE;
				MTL_FAST_MATH = YES;
				ONLY_ACTIVE_ARCH = YES;
				SDKROOT = iphoneos;
			};
			name = Debug;
		};
		2BD257ED2C2B7BC700215ACC /* Release */ = {
			isa = XCBuildConfiguration;
			buildSettings = {
				ALWAYS_SEARCH_USER_PATHS = NO;
				ASSETCATALOG_COMPILER_GENERATE_SWIFT_ASSET_SYMBOL_EXTENSIONS = YES;
				CLANG_ANALYZER_NONNULL = YES;
				CLANG_ANALYZER_NUMBER_OBJECT_CONVERSION = YES_AGGRESSIVE;
				CLANG_CXX_LANGUAGE_STANDARD = "gnu++20";
				CLANG_ENABLE_MODULES = YES;
				CLANG_ENABLE_OBJC_ARC = YES;
				CLANG_ENABLE_OBJC_WEAK = YES;
				CLANG_WARN_BLOCK_CAPTURE_AUTORELEASING = YES;
				CLANG_WARN_BOOL_CONVERSION = YES;
				CLANG_WARN_COMMA = YES;
				CLANG_WARN_CONSTANT_CONVERSION = YES;
				CLANG_WARN_DEPRECATED_OBJC_IMPLEMENTATIONS = YES;
				CLANG_WARN_DIRECT_OBJC_ISA_USAGE = YES_ERROR;
				CLANG_WARN_DOCUMENTATION_COMMENTS = YES;
				CLANG_WARN_EMPTY_BODY = YES;
				CLANG_WARN_ENUM_CONVERSION = YES;
				CLANG_WARN_INFINITE_RECURSION = YES;
				CLANG_WARN_INT_CONVERSION = YES;
				CLANG_WARN_NON_LITERAL_NULL_CONVERSION = YES;
				CLANG_WARN_OBJC_IMPLICIT_RETAIN_SELF = YES;
				CLANG_WARN_OBJC_LITERAL_CONVERSION = YES;
				CLANG_WARN_OBJC_ROOT_CLASS = YES_ERROR;
				CLANG_WARN_QUOTED_INCLUDE_IN_FRAMEWORK_HEADER = YES;
				CLANG_WARN_RANGE_LOOP_ANALYSIS = YES;
				CLANG_WARN_STRICT_PROTOTYPES = YES;
				CLANG_WARN_SUSPICIOUS_MOVE = YES;
				CLANG_WARN_UNGUARDED_AVAILABILITY = YES_AGGRESSIVE;
				CLANG_WARN_UNREACHABLE_CODE = YES;
				CLANG_WARN__DUPLICATE_METHOD_MATCH = YES;
				COPY_PHASE_STRIP = NO;
				DEBUG_INFORMATION_FORMAT = "dwarf-with-dsym";
				ENABLE_NS_ASSERTIONS = NO;
				ENABLE_STRICT_OBJC_MSGSEND = YES;
				ENABLE_USER_SCRIPT_SANDBOXING = NO;
				GCC_C_LANGUAGE_STANDARD = gnu17;
				GCC_NO_COMMON_BLOCKS = YES;
				GCC_WARN_64_TO_32_BIT_CONVERSION = YES;
				GCC_WARN_ABOUT_RETURN_TYPE = YES_ERROR;
				GCC_WARN_UNDECLARED_SELECTOR = YES;
				GCC_WARN_UNINITIALIZED_AUTOS = YES_AGGRESSIVE;
				GCC_WARN_UNUSED_FUNCTION = YES;
				GCC_WARN_UNUSED_VARIABLE = YES;
				IPHONEOS_DEPLOYMENT_TARGET = 17.2;
				LOCALIZATION_PREFERS_STRING_CATALOGS = YES;
				MTL_ENABLE_DEBUG_INFO = NO;
				MTL_FAST_MATH = YES;
				SDKROOT = iphoneos;
				VALIDATE_PRODUCT = YES;
			};
			name = Release;
		};
		2BD257EF2C2B7BC700215ACC /* Debug */ = {
			isa = XCBuildConfiguration;
			baseConfigurationReference = 817221EF55FE18221B1A3DF1 /* Pods-AppDemo.debug.xcconfig */;
			buildSettings = {
				ASSETCATALOG_COMPILER_APPICON_NAME = AppIcon;
				ASSETCATALOG_COMPILER_GLOBAL_ACCENT_COLOR_NAME = AccentColor;
				CLANG_ENABLE_MODULES = YES;
				CODE_SIGN_STYLE = Automatic;
				CURRENT_PROJECT_VERSION = 1;
				GENERATE_INFOPLIST_FILE = YES;
				INFOPLIST_FILE = AppDemo/Info.plist;
				INFOPLIST_KEY_UIApplicationSupportsIndirectInputEvents = YES;
				INFOPLIST_KEY_UILaunchStoryboardName = LaunchScreen;
				INFOPLIST_KEY_UISupportedInterfaceOrientations_iPad = "UIInterfaceOrientationPortrait UIInterfaceOrientationPortraitUpsideDown UIInterfaceOrientationLandscapeLeft UIInterfaceOrientationLandscapeRight";
				INFOPLIST_KEY_UISupportedInterfaceOrientations_iPhone = "UIInterfaceOrientationPortrait UIInterfaceOrientationLandscapeLeft UIInterfaceOrientationLandscapeRight";
				LD_RUNPATH_SEARCH_PATHS = (
					"$(inherited)",
					"@executable_path/Frameworks",
				);
				MARKETING_VERSION = 1.0;
				PRODUCT_BUNDLE_IDENTIFIER = harryxiong.AppDemo;
				PRODUCT_NAME = "$(TARGET_NAME)";
				SWIFT_EMIT_LOC_STRINGS = YES;
				SWIFT_OBJC_BRIDGING_HEADER = "AppDemo/AppDemo-Bridging-Header.h";
				SWIFT_OPTIMIZATION_LEVEL = "-Onone";
				SWIFT_VERSION = 5.0;
				TARGETED_DEVICE_FAMILY = "1,2";
			};
			name = Debug;
		};
		2BD257F02C2B7BC700215ACC /* Release */ = {
			isa = XCBuildConfiguration;
			baseConfigurationReference = F9C25B605A96B4AFF8F85C4E /* Pods-AppDemo.release.xcconfig */;
			buildSettings = {
				ASSETCATALOG_COMPILER_APPICON_NAME = AppIcon;
				ASSETCATALOG_COMPILER_GLOBAL_ACCENT_COLOR_NAME = AccentColor;
				CLANG_ENABLE_MODULES = YES;
				CODE_SIGN_STYLE = Automatic;
				CURRENT_PROJECT_VERSION = 1;
				GENERATE_INFOPLIST_FILE = YES;
				INFOPLIST_FILE = AppDemo/Info.plist;
				INFOPLIST_KEY_UIApplicationSupportsIndirectInputEvents = YES;
				INFOPLIST_KEY_UILaunchStoryboardName = LaunchScreen;
				INFOPLIST_KEY_UISupportedInterfaceOrientations_iPad = "UIInterfaceOrientationPortrait UIInterfaceOrientationPortraitUpsideDown UIInterfaceOrientationLandscapeLeft UIInterfaceOrientationLandscapeRight";
				INFOPLIST_KEY_UISupportedInterfaceOrientations_iPhone = "UIInterfaceOrientationPortrait UIInterfaceOrientationLandscapeLeft UIInterfaceOrientationLandscapeRight";
				LD_RUNPATH_SEARCH_PATHS = (
					"$(inherited)",
					"@executable_path/Frameworks",
				);
				MARKETING_VERSION = 1.0;
				PRODUCT_BUNDLE_IDENTIFIER = harryxiong.AppDemo;
				PRODUCT_NAME = "$(TARGET_NAME)";
				SWIFT_EMIT_LOC_STRINGS = YES;
				SWIFT_OBJC_BRIDGING_HEADER = "AppDemo/AppDemo-Bridging-Header.h";
				SWIFT_VERSION = 5.0;
				TARGETED_DEVICE_FAMILY = "1,2";
			};
			name = Release;
		};
		2BD257F22C2B7BC700215ACC /* Debug */ = {
			isa = XCBuildConfiguration;
			baseConfigurationReference = 4B88F50180EDEBCCF828C497 /* Pods-AppDemoTests.debug.xcconfig */;
			buildSettings = {
				BUNDLE_LOADER = "$(TEST_HOST)";
				CODE_SIGN_STYLE = Automatic;
				CURRENT_PROJECT_VERSION = 1;
				GENERATE_INFOPLIST_FILE = YES;
				IPHONEOS_DEPLOYMENT_TARGET = 17.2;
				MARKETING_VERSION = 1.0;
				PRODUCT_BUNDLE_IDENTIFIER = harryxiong.AppDemoTests;
				PRODUCT_NAME = "$(TARGET_NAME)";
				SWIFT_EMIT_LOC_STRINGS = NO;
				TARGETED_DEVICE_FAMILY = "1,2";
				TEST_HOST = "$(BUILT_PRODUCTS_DIR)/AppDemo.app/$(BUNDLE_EXECUTABLE_FOLDER_PATH)/AppDemo";
			};
			name = Debug;
		};
		2BD257F32C2B7BC700215ACC /* Release */ = {
			isa = XCBuildConfiguration;
			baseConfigurationReference = 869E74420B698701C2EE54CA /* Pods-AppDemoTests.release.xcconfig */;
			buildSettings = {
				BUNDLE_LOADER = "$(TEST_HOST)";
				CODE_SIGN_STYLE = Automatic;
				CURRENT_PROJECT_VERSION = 1;
				GENERATE_INFOPLIST_FILE = YES;
				IPHONEOS_DEPLOYMENT_TARGET = 17.2;
				MARKETING_VERSION = 1.0;
				PRODUCT_BUNDLE_IDENTIFIER = harryxiong.AppDemoTests;
				PRODUCT_NAME = "$(TARGET_NAME)";
				SWIFT_EMIT_LOC_STRINGS = NO;
				TARGETED_DEVICE_FAMILY = "1,2";
				TEST_HOST = "$(BUILT_PRODUCTS_DIR)/AppDemo.app/$(BUNDLE_EXECUTABLE_FOLDER_PATH)/AppDemo";
			};
			name = Release;
		};
		2BD257F52C2B7BC700215ACC /* Debug */ = {
			isa = XCBuildConfiguration;
			baseConfigurationReference = C797219E915625B86D590722 /* Pods-AppDemo-AppDemoUITests.debug.xcconfig */;
			buildSettings = {
				CODE_SIGN_STYLE = Automatic;
				CURRENT_PROJECT_VERSION = 1;
				GENERATE_INFOPLIST_FILE = YES;
				MARKETING_VERSION = 1.0;
				PRODUCT_BUNDLE_IDENTIFIER = harryxiong.AppDemoUITests;
				PRODUCT_NAME = "$(TARGET_NAME)";
				SWIFT_EMIT_LOC_STRINGS = NO;
				TARGETED_DEVICE_FAMILY = "1,2";
				TEST_TARGET_NAME = AppDemo;
			};
			name = Debug;
		};
		2BD257F62C2B7BC700215ACC /* Release */ = {
			isa = XCBuildConfiguration;
			baseConfigurationReference = 6946965C58A418093FA6FC82 /* Pods-AppDemo-AppDemoUITests.release.xcconfig */;
			buildSettings = {
				CODE_SIGN_STYLE = Automatic;
				CURRENT_PROJECT_VERSION = 1;
				GENERATE_INFOPLIST_FILE = YES;
				MARKETING_VERSION = 1.0;
				PRODUCT_BUNDLE_IDENTIFIER = harryxiong.AppDemoUITests;
				PRODUCT_NAME = "$(TARGET_NAME)";
				SWIFT_EMIT_LOC_STRINGS = NO;
				TARGETED_DEVICE_FAMILY = "1,2";
				TEST_TARGET_NAME = AppDemo;
			};
			name = Release;
		};
/* End XCBuildConfiguration section */

/* Begin XCConfigurationList section */
		2BD257BA2C2B7BC500215ACC /* Build configuration list for PBXProject "AppDemo" */ = {
			isa = XCConfigurationList;
			buildConfigurations = (
				2BD257EC2C2B7BC700215ACC /* Debug */,
				2BD257ED2C2B7BC700215ACC /* Release */,
			);
			defaultConfigurationIsVisible = 0;
			defaultConfigurationName = Release;
		};
		2BD257EE2C2B7BC700215ACC /* Build configuration list for PBXNativeTarget "AppDemo" */ = {
			isa = XCConfigurationList;
			buildConfigurations = (
				2BD257EF2C2B7BC700215ACC /* Debug */,
				2BD257F02C2B7BC700215ACC /* Release */,
			);
			defaultConfigurationIsVisible = 0;
			defaultConfigurationName = Release;
		};
		2BD257F12C2B7BC700215ACC /* Build configuration list for PBXNativeTarget "AppDemoTests" */ = {
			isa = XCConfigurationList;
			buildConfigurations = (
				2BD257F22C2B7BC700215ACC /* Debug */,
				2BD257F32C2B7BC700215ACC /* Release */,
			);
			defaultConfigurationIsVisible = 0;
			defaultConfigurationName = Release;
		};
		2BD257F42C2B7BC700215ACC /* Build configuration list for PBXNativeTarget "AppDemoUITests" */ = {
			isa = XCConfigurationList;
			buildConfigurations = (
				2BD257F52C2B7BC700215ACC /* Debug */,
				2BD257F62C2B7BC700215ACC /* Release */,
			);
			defaultConfigurationIsVisible = 0;
			defaultConfigurationName = Release;
		};
/* End XCConfigurationList section */
	};
	rootObject = 2BD257B72C2B7BC500215ACC /* Project object */;
}
